
Microsoft Visual Studio Solution File, Format Version 12.00
# Visual Studio Version 17
VisualStudioVersion = 17.0.32014.148
MinimumVisualStudioVersion = 10.0.40219.1
Project("{2150E333-8FDC-42A3-9474-1A3956D46DE8}") = "01 Section", "01 Section", "{DB3332B5-E334-4425-BC0F-ADC500380961}"
EndProject
Project("{8BC9CEB8-8B4A-11D0-8D11-00A0C91BC942}") = "00 namespace(1)", "00 namespace\00 namespace.vcxproj", "{D640689C-2FAD-409E-A395-FA289614CE38}"
EndProject
Project("{8BC9CEB8-8B4A-11D0-8D11-00A0C91BC942}") = "00 namespace(2)", "00 namespace(2)\00 namespace(2).vcxproj", "{36FBD80D-E105-47AE-A0E4-A84C4812383F}"
EndProject
Project("{8BC9CEB8-8B4A-11D0-8D11-00A0C91BC942}") = "00 namespace(3)", "00 namespace(3)\00 namespace(3).vcxproj", "{D3F79ED4-B2C5-4CA7-B3A1-56C08EDEC731}"
EndProject
Project("{8BC9CEB8-8B4A-11D0-8D11-00A0C91BC942}") = "00 namespace(4)", "00 namespace(4)\00 namespace(4).vcxproj", "{DCC9EC30-28C2-4CBE-82ED-95B716D45B19}"
EndProject
Project("{8BC9CEB8-8B4A-11D0-8D11-00A0C91BC942}") = "01 C++ 표준 입출력", "01 C++ 표준 입출력\01 C++ 표준 입출력.vcxproj", "{D4B983AB-1CD8-4102-A389-42A34EB862E6}"
EndProject
Project("{8BC9CEB8-8B4A-11D0-8D11-00A0C91BC942}") = "02 C++ 변수의 특징(1)", "02 C++ 변수의 특징\02 C++ 변수의 특징.vcxproj", "{A753ED46-8FA0-4CFA-8065-418FA52EEE75}"
EndProject
Project("{8BC9CEB8-8B4A-11D0-8D11-00A0C91BC942}") = "02 C++ 변수의 특징(2)", "02 C++ 변수의 특징(2)\02 C++ 변수의 특징(2).vcxproj", "{7255DF33-E669-4960-B8E9-B84B9146EEDC}"
EndProject
Project("{8BC9CEB8-8B4A-11D0-8D11-00A0C91BC942}") = "02 C++ 변수의 특징(3)", "02 C++ 변수의 특징(3)\02 C++ 변수의 특징(3).vcxproj", "{574B9ACC-FD1F-4647-8937-601995421BE9}"
EndProject
Project("{8BC9CEB8-8B4A-11D0-8D11-00A0C91BC942}") = "02 C++ 변수의 특징(4)", "02 C++ 변수의 특징(4)\02 C++ 변수의 특징(4).vcxproj", "{73C5E619-C202-4136-ADCC-2A49E682CC73}"
EndProject
Project("{8BC9CEB8-8B4A-11D0-8D11-00A0C91BC942}") = "02 C++ 변수의 특징(5)", "02 C++ 변수의 특징(5)\02 C++ 변수의 특징(5).vcxproj", "{0E6B0C68-8DA5-4F05-B2C7-2291FE867260}"
EndProject
Project("{8BC9CEB8-8B4A-11D0-8D11-00A0C91BC942}") = "03 C언어와 다른 C++ 함수(1)", "03 C언어와 다른 C++ 함수(1)\03 C언어와 다른 C++ 함수(1).vcxproj", "{78DB3873-ACDA-4B15-BFE4-617DC70B6A3E}"
EndProject
Project("{8BC9CEB8-8B4A-11D0-8D11-00A0C91BC942}") = "03 C언어와 다른 C++ 함수(2)", "03 C언어와 다른 C++ 함수(2)\03 C언어와 다른 C++ 함수(2).vcxproj", "{A3184157-461E-459C-9402-86908841F5B8}"
EndProject
Project("{8BC9CEB8-8B4A-11D0-8D11-00A0C91BC942}") = "03 C언어와 다른 C++ 함수(3)", "03 C언어와 다른 C++ 함수(3)\03 C언어와 다른 C++ 함수(3).vcxproj", "{DC0B4875-6EDC-4A99-97CC-2DB5596247B8}"
EndProject
Project("{8BC9CEB8-8B4A-11D0-8D11-00A0C91BC942}") = "03 C언어와 다른 C++ 함수(4)", "03 C언어와 다른 C++ 함수(4)\03 C언어와 다른 C++ 함수(4).vcxproj", "{61829209-A1C0-4E05-9353-01FAD5CF3A55}"
EndProject
Project("{8BC9CEB8-8B4A-11D0-8D11-00A0C91BC942}") = "03 C언어와 다른 C++ 함수(5)", "03 C언어와 다른 C++ 함수(5)\03 C언어와 다른 C++ 함수(5).vcxproj", "{117D04ED-F7C7-4B1F-9081-7C96138540AD}"
EndProject
Project("{8BC9CEB8-8B4A-11D0-8D11-00A0C91BC942}") = "03 C언어와 다른 C++ 함수(6)", "03 C언어와 다른 C++ 함수(6)\03 C언어와 다른 C++ 함수(6).vcxproj", "{6229ACBC-79D5-49BF-99F8-5C10BB28D05B}"
EndProject
Project("{8BC9CEB8-8B4A-11D0-8D11-00A0C91BC942}") = "04 C언어와 다른 C++ 제어문", "04 C언어와 다른 C++ 제어문\04 C언어와 다른 C++ 제어문.vcxproj", "{44D7EA19-9EDD-4E26-AEF7-A01C53F23AF1}"
EndProject
Project("{8BC9CEB8-8B4A-11D0-8D11-00A0C91BC942}") = "04 C언어와 다른 C++ 제어문(2)", "04 C언어와 다른 C++ 제어문(2)\04 C언어와 다른 C++ 제어문(2).vcxproj", "{D4B93A4E-7E7C-4093-8FD4-A498512059C7}"
EndProject
Project("{8BC9CEB8-8B4A-11D0-8D11-00A0C91BC942}") = "05 Reference", "Reference\Reference.vcxproj", "{2ACF54D5-FE91-41B3-AD11-7E97096ACFC5}"
EndProject
Project("{8BC9CEB8-8B4A-11D0-8D11-00A0C91BC942}") = "05 Reference(2)", "05 Reference(2)\05 Reference(2).vcxproj", "{0FCCCBFA-4969-42C4-BCEA-DDF5BD3C01AD}"
EndProject
Global
	GlobalSection(SolutionConfigurationPlatforms) = preSolution
		Debug|x64 = Debug|x64
		Debug|x86 = Debug|x86
		Release|x64 = Release|x64
		Release|x86 = Release|x86
	EndGlobalSection
	GlobalSection(ProjectConfigurationPlatforms) = postSolution
		{D640689C-2FAD-409E-A395-FA289614CE38}.Debug|x64.ActiveCfg = Debug|x64
		{D640689C-2FAD-409E-A395-FA289614CE38}.Debug|x64.Build.0 = Debug|x64
		{D640689C-2FAD-409E-A395-FA289614CE38}.Debug|x86.ActiveCfg = Debug|Win32
		{D640689C-2FAD-409E-A395-FA289614CE38}.Debug|x86.Build.0 = Debug|Win32
		{D640689C-2FAD-409E-A395-FA289614CE38}.Release|x64.ActiveCfg = Release|x64
		{D640689C-2FAD-409E-A395-FA289614CE38}.Release|x64.Build.0 = Release|x64
		{D640689C-2FAD-409E-A395-FA289614CE38}.Release|x86.ActiveCfg = Release|Win32
		{D640689C-2FAD-409E-A395-FA289614CE38}.Release|x86.Build.0 = Release|Win32
		{36FBD80D-E105-47AE-A0E4-A84C4812383F}.Debug|x64.ActiveCfg = Debug|x64
		{36FBD80D-E105-47AE-A0E4-A84C4812383F}.Debug|x64.Build.0 = Debug|x64
		{36FBD80D-E105-47AE-A0E4-A84C4812383F}.Debug|x86.ActiveCfg = Debug|Win32
		{36FBD80D-E105-47AE-A0E4-A84C4812383F}.Debug|x86.Build.0 = Debug|Win32
		{36FBD80D-E105-47AE-A0E4-A84C4812383F}.Release|x64.ActiveCfg = Release|x64
		{36FBD80D-E105-47AE-A0E4-A84C4812383F}.Release|x64.Build.0 = Release|x64
		{36FBD80D-E105-47AE-A0E4-A84C4812383F}.Release|x86.ActiveCfg = Release|Win32
		{36FBD80D-E105-47AE-A0E4-A84C4812383F}.Release|x86.Build.0 = Release|Win32
		{D3F79ED4-B2C5-4CA7-B3A1-56C08EDEC731}.Debug|x64.ActiveCfg = Debug|x64
		{D3F79ED4-B2C5-4CA7-B3A1-56C08EDEC731}.Debug|x64.Build.0 = Debug|x64
		{D3F79ED4-B2C5-4CA7-B3A1-56C08EDEC731}.Debug|x86.ActiveCfg = Debug|Win32
		{D3F79ED4-B2C5-4CA7-B3A1-56C08EDEC731}.Debug|x86.Build.0 = Debug|Win32
		{D3F79ED4-B2C5-4CA7-B3A1-56C08EDEC731}.Release|x64.ActiveCfg = Release|x64
		{D3F79ED4-B2C5-4CA7-B3A1-56C08EDEC731}.Release|x64.Build.0 = Release|x64
		{D3F79ED4-B2C5-4CA7-B3A1-56C08EDEC731}.Release|x86.ActiveCfg = Release|Win32
		{D3F79ED4-B2C5-4CA7-B3A1-56C08EDEC731}.Release|x86.Build.0 = Release|Win32
		{DCC9EC30-28C2-4CBE-82ED-95B716D45B19}.Debug|x64.ActiveCfg = Debug|x64
		{DCC9EC30-28C2-4CBE-82ED-95B716D45B19}.Debug|x64.Build.0 = Debug|x64
		{DCC9EC30-28C2-4CBE-82ED-95B716D45B19}.Debug|x86.ActiveCfg = Debug|Win32
		{DCC9EC30-28C2-4CBE-82ED-95B716D45B19}.Debug|x86.Build.0 = Debug|Win32
		{DCC9EC30-28C2-4CBE-82ED-95B716D45B19}.Release|x64.ActiveCfg = Release|x64
		{DCC9EC30-28C2-4CBE-82ED-95B716D45B19}.Release|x64.Build.0 = Release|x64
		{DCC9EC30-28C2-4CBE-82ED-95B716D45B19}.Release|x86.ActiveCfg = Release|Win32
		{DCC9EC30-28C2-4CBE-82ED-95B716D45B19}.Release|x86.Build.0 = Release|Win32
		{D4B983AB-1CD8-4102-A389-42A34EB862E6}.Debug|x64.ActiveCfg = Debug|x64
		{D4B983AB-1CD8-4102-A389-42A34EB862E6}.Debug|x64.Build.0 = Debug|x64
		{D4B983AB-1CD8-4102-A389-42A34EB862E6}.Debug|x86.ActiveCfg = Debug|Win32
		{D4B983AB-1CD8-4102-A389-42A34EB862E6}.Debug|x86.Build.0 = Debug|Win32
		{D4B983AB-1CD8-4102-A389-42A34EB862E6}.Release|x64.ActiveCfg = Release|x64
		{D4B983AB-1CD8-4102-A389-42A34EB862E6}.Release|x64.Build.0 = Release|x64
		{D4B983AB-1CD8-4102-A389-42A34EB862E6}.Release|x86.ActiveCfg = Release|Win32
		{D4B983AB-1CD8-4102-A389-42A34EB862E6}.Release|x86.Build.0 = Release|Win32
		{A753ED46-8FA0-4CFA-8065-418FA52EEE75}.Debug|x64.ActiveCfg = Debug|x64
		{A753ED46-8FA0-4CFA-8065-418FA52EEE75}.Debug|x64.Build.0 = Debug|x64
		{A753ED46-8FA0-4CFA-8065-418FA52EEE75}.Debug|x86.ActiveCfg = Debug|Win32
		{A753ED46-8FA0-4CFA-8065-418FA52EEE75}.Debug|x86.Build.0 = Debug|Win32
		{A753ED46-8FA0-4CFA-8065-418FA52EEE75}.Release|x64.ActiveCfg = Release|x64
		{A753ED46-8FA0-4CFA-8065-418FA52EEE75}.Release|x64.Build.0 = Release|x64
		{A753ED46-8FA0-4CFA-8065-418FA52EEE75}.Release|x86.ActiveCfg = Release|Win32
		{A753ED46-8FA0-4CFA-8065-418FA52EEE75}.Release|x86.Build.0 = Release|Win32
		{7255DF33-E669-4960-B8E9-B84B9146EEDC}.Debug|x64.ActiveCfg = Debug|x64
		{7255DF33-E669-4960-B8E9-B84B9146EEDC}.Debug|x64.Build.0 = Debug|x64
		{7255DF33-E669-4960-B8E9-B84B9146EEDC}.Debug|x86.ActiveCfg = Debug|Win32
		{7255DF33-E669-4960-B8E9-B84B9146EEDC}.Debug|x86.Build.0 = Debug|Win32
		{7255DF33-E669-4960-B8E9-B84B9146EEDC}.Release|x64.ActiveCfg = Release|x64
		{7255DF33-E669-4960-B8E9-B84B9146EEDC}.Release|x64.Build.0 = Release|x64
		{7255DF33-E669-4960-B8E9-B84B9146EEDC}.Release|x86.ActiveCfg = Release|Win32
		{7255DF33-E669-4960-B8E9-B84B9146EEDC}.Release|x86.Build.0 = Release|Win32
		{574B9ACC-FD1F-4647-8937-601995421BE9}.Debug|x64.ActiveCfg = Debug|x64
		{574B9ACC-FD1F-4647-8937-601995421BE9}.Debug|x64.Build.0 = Debug|x64
		{574B9ACC-FD1F-4647-8937-601995421BE9}.Debug|x86.ActiveCfg = Debug|Win32
		{574B9ACC-FD1F-4647-8937-601995421BE9}.Debug|x86.Build.0 = Debug|Win32
		{574B9ACC-FD1F-4647-8937-601995421BE9}.Release|x64.ActiveCfg = Release|x64
		{574B9ACC-FD1F-4647-8937-601995421BE9}.Release|x64.Build.0 = Release|x64
		{574B9ACC-FD1F-4647-8937-601995421BE9}.Release|x86.ActiveCfg = Release|Win32
		{574B9ACC-FD1F-4647-8937-601995421BE9}.Release|x86.Build.0 = Release|Win32
		{73C5E619-C202-4136-ADCC-2A49E682CC73}.Debug|x64.ActiveCfg = Debug|x64
		{73C5E619-C202-4136-ADCC-2A49E682CC73}.Debug|x64.Build.0 = Debug|x64
		{73C5E619-C202-4136-ADCC-2A49E682CC73}.Debug|x86.ActiveCfg = Debug|Win32
		{73C5E619-C202-4136-ADCC-2A49E682CC73}.Debug|x86.Build.0 = Debug|Win32
		{73C5E619-C202-4136-ADCC-2A49E682CC73}.Release|x64.ActiveCfg = Release|x64
		{73C5E619-C202-4136-ADCC-2A49E682CC73}.Release|x64.Build.0 = Release|x64
		{73C5E619-C202-4136-ADCC-2A49E682CC73}.Release|x86.ActiveCfg = Release|Win32
		{73C5E619-C202-4136-ADCC-2A49E682CC73}.Release|x86.Build.0 = Release|Win32
		{0E6B0C68-8DA5-4F05-B2C7-2291FE867260}.Debug|x64.ActiveCfg = Debug|x64
		{0E6B0C68-8DA5-4F05-B2C7-2291FE867260}.Debug|x64.Build.0 = Debug|x64
		{0E6B0C68-8DA5-4F05-B2C7-2291FE867260}.Debug|x86.ActiveCfg = Debug|Win32
		{0E6B0C68-8DA5-4F05-B2C7-2291FE867260}.Debug|x86.Build.0 = Debug|Win32
		{0E6B0C68-8DA5-4F05-B2C7-2291FE867260}.Release|x64.ActiveCfg = Release|x64
		{0E6B0C68-8DA5-4F05-B2C7-2291FE867260}.Release|x64.Build.0 = Release|x64
		{0E6B0C68-8DA5-4F05-B2C7-2291FE867260}.Release|x86.ActiveCfg = Release|Win32
		{0E6B0C68-8DA5-4F05-B2C7-2291FE867260}.Release|x86.Build.0 = Release|Win32
		{78DB3873-ACDA-4B15-BFE4-617DC70B6A3E}.Debug|x64.ActiveCfg = Debug|x64
		{78DB3873-ACDA-4B15-BFE4-617DC70B6A3E}.Debug|x64.Build.0 = Debug|x64
		{78DB3873-ACDA-4B15-BFE4-617DC70B6A3E}.Debug|x86.ActiveCfg = Debug|Win32
		{78DB3873-ACDA-4B15-BFE4-617DC70B6A3E}.Debug|x86.Build.0 = Debug|Win32
		{78DB3873-ACDA-4B15-BFE4-617DC70B6A3E}.Release|x64.ActiveCfg = Release|x64
		{78DB3873-ACDA-4B15-BFE4-617DC70B6A3E}.Release|x64.Build.0 = Release|x64
		{78DB3873-ACDA-4B15-BFE4-617DC70B6A3E}.Release|x86.ActiveCfg = Release|Win32
		{78DB3873-ACDA-4B15-BFE4-617DC70B6A3E}.Release|x86.Build.0 = Release|Win32
		{A3184157-461E-459C-9402-86908841F5B8}.Debug|x64.ActiveCfg = Debug|x64
		{A3184157-461E-459C-9402-86908841F5B8}.Debug|x64.Build.0 = Debug|x64
		{A3184157-461E-459C-9402-86908841F5B8}.Debug|x86.ActiveCfg = Debug|Win32
		{A3184157-461E-459C-9402-86908841F5B8}.Debug|x86.Build.0 = Debug|Win32
		{A3184157-461E-459C-9402-86908841F5B8}.Release|x64.ActiveCfg = Release|x64
		{A3184157-461E-459C-9402-86908841F5B8}.Release|x64.Build.0 = Release|x64
		{A3184157-461E-459C-9402-86908841F5B8}.Release|x86.ActiveCfg = Release|Win32
		{A3184157-461E-459C-9402-86908841F5B8}.Release|x86.Build.0 = Release|Win32
		{DC0B4875-6EDC-4A99-97CC-2DB5596247B8}.Debug|x64.ActiveCfg = Debug|x64
		{DC0B4875-6EDC-4A99-97CC-2DB5596247B8}.Debug|x64.Build.0 = Debug|x64
		{DC0B4875-6EDC-4A99-97CC-2DB5596247B8}.Debug|x86.ActiveCfg = Debug|Win32
		{DC0B4875-6EDC-4A99-97CC-2DB5596247B8}.Debug|x86.Build.0 = Debug|Win32
		{DC0B4875-6EDC-4A99-97CC-2DB5596247B8}.Release|x64.ActiveCfg = Release|x64
		{DC0B4875-6EDC-4A99-97CC-2DB5596247B8}.Release|x64.Build.0 = Release|x64
		{DC0B4875-6EDC-4A99-97CC-2DB5596247B8}.Release|x86.ActiveCfg = Release|Win32
		{DC0B4875-6EDC-4A99-97CC-2DB5596247B8}.Release|x86.Build.0 = Release|Win32
		{61829209-A1C0-4E05-9353-01FAD5CF3A55}.Debug|x64.ActiveCfg = Debug|x64
		{61829209-A1C0-4E05-9353-01FAD5CF3A55}.Debug|x64.Build.0 = Debug|x64
		{61829209-A1C0-4E05-9353-01FAD5CF3A55}.Debug|x86.ActiveCfg = Debug|Win32
		{61829209-A1C0-4E05-9353-01FAD5CF3A55}.Debug|x86.Build.0 = Debug|Win32
		{61829209-A1C0-4E05-9353-01FAD5CF3A55}.Release|x64.ActiveCfg = Release|x64
		{61829209-A1C0-4E05-9353-01FAD5CF3A55}.Release|x64.Build.0 = Release|x64
		{61829209-A1C0-4E05-9353-01FAD5CF3A55}.Release|x86.ActiveCfg = Release|Win32
		{61829209-A1C0-4E05-9353-01FAD5CF3A55}.Release|x86.Build.0 = Release|Win32
		{117D04ED-F7C7-4B1F-9081-7C96138540AD}.Debug|x64.ActiveCfg = Debug|x64
		{117D04ED-F7C7-4B1F-9081-7C96138540AD}.Debug|x64.Build.0 = Debug|x64
		{117D04ED-F7C7-4B1F-9081-7C96138540AD}.Debug|x86.ActiveCfg = Debug|Win32
		{117D04ED-F7C7-4B1F-9081-7C96138540AD}.Debug|x86.Build.0 = Debug|Win32
		{117D04ED-F7C7-4B1F-9081-7C96138540AD}.Release|x64.ActiveCfg = Release|x64
		{117D04ED-F7C7-4B1F-9081-7C96138540AD}.Release|x64.Build.0 = Release|x64
		{117D04ED-F7C7-4B1F-9081-7C96138540AD}.Release|x86.ActiveCfg = Release|Win32
		{117D04ED-F7C7-4B1F-9081-7C96138540AD}.Release|x86.Build.0 = Release|Win32
		{6229ACBC-79D5-49BF-99F8-5C10BB28D05B}.Debug|x64.ActiveCfg = Debug|x64
		{6229ACBC-79D5-49BF-99F8-5C10BB28D05B}.Debug|x64.Build.0 = Debug|x64
		{6229ACBC-79D5-49BF-99F8-5C10BB28D05B}.Debug|x86.ActiveCfg = Debug|Win32
		{6229ACBC-79D5-49BF-99F8-5C10BB28D05B}.Debug|x86.Build.0 = Debug|Win32
		{6229ACBC-79D5-49BF-99F8-5C10BB28D05B}.Release|x64.ActiveCfg = Release|x64
		{6229ACBC-79D5-49BF-99F8-5C10BB28D05B}.Release|x64.Build.0 = Release|x64
		{6229ACBC-79D5-49BF-99F8-5C10BB28D05B}.Release|x86.ActiveCfg = Release|Win32
		{6229ACBC-79D5-49BF-99F8-5C10BB28D05B}.Release|x86.Build.0 = Release|Win32
		{44D7EA19-9EDD-4E26-AEF7-A01C53F23AF1}.Debug|x64.ActiveCfg = Debug|x64
		{44D7EA19-9EDD-4E26-AEF7-A01C53F23AF1}.Debug|x64.Build.0 = Debug|x64
		{44D7EA19-9EDD-4E26-AEF7-A01C53F23AF1}.Debug|x86.ActiveCfg = Debug|Win32
		{44D7EA19-9EDD-4E26-AEF7-A01C53F23AF1}.Debug|x86.Build.0 = Debug|Win32
		{44D7EA19-9EDD-4E26-AEF7-A01C53F23AF1}.Release|x64.ActiveCfg = Release|x64
		{44D7EA19-9EDD-4E26-AEF7-A01C53F23AF1}.Release|x64.Build.0 = Release|x64
		{44D7EA19-9EDD-4E26-AEF7-A01C53F23AF1}.Release|x86.ActiveCfg = Release|Win32
		{44D7EA19-9EDD-4E26-AEF7-A01C53F23AF1}.Release|x86.Build.0 = Release|Win32
		{D4B93A4E-7E7C-4093-8FD4-A498512059C7}.Debug|x64.ActiveCfg = Debug|x64
		{D4B93A4E-7E7C-4093-8FD4-A498512059C7}.Debug|x64.Build.0 = Debug|x64
		{D4B93A4E-7E7C-4093-8FD4-A498512059C7}.Debug|x86.ActiveCfg = Debug|Win32
		{D4B93A4E-7E7C-4093-8FD4-A498512059C7}.Debug|x86.Build.0 = Debug|Win32
		{D4B93A4E-7E7C-4093-8FD4-A498512059C7}.Release|x64.ActiveCfg = Release|x64
		{D4B93A4E-7E7C-4093-8FD4-A498512059C7}.Release|x64.Build.0 = Release|x64
		{D4B93A4E-7E7C-4093-8FD4-A498512059C7}.Release|x86.ActiveCfg = Release|Win32
		{D4B93A4E-7E7C-4093-8FD4-A498512059C7}.Release|x86.Build.0 = Release|Win32
		{2ACF54D5-FE91-41B3-AD11-7E97096ACFC5}.Debug|x64.ActiveCfg = Debug|x64
		{2ACF54D5-FE91-41B3-AD11-7E97096ACFC5}.Debug|x64.Build.0 = Debug|x64
		{2ACF54D5-FE91-41B3-AD11-7E97096ACFC5}.Debug|x86.ActiveCfg = Debug|Win32
		{2ACF54D5-FE91-41B3-AD11-7E97096ACFC5}.Debug|x86.Build.0 = Debug|Win32
		{2ACF54D5-FE91-41B3-AD11-7E97096ACFC5}.Release|x64.ActiveCfg = Release|x64
		{2ACF54D5-FE91-41B3-AD11-7E97096ACFC5}.Release|x64.Build.0 = Release|x64
		{2ACF54D5-FE91-41B3-AD11-7E97096ACFC5}.Release|x86.ActiveCfg = Release|Win32
		{2ACF54D5-FE91-41B3-AD11-7E97096ACFC5}.Release|x86.Build.0 = Release|Win32
		{0FCCCBFA-4969-42C4-BCEA-DDF5BD3C01AD}.Debug|x64.ActiveCfg = Debug|x64
		{0FCCCBFA-4969-42C4-BCEA-DDF5BD3C01AD}.Debug|x64.Build.0 = Debug|x64
		{0FCCCBFA-4969-42C4-BCEA-DDF5BD3C01AD}.Debug|x86.ActiveCfg = Debug|Win32
		{0FCCCBFA-4969-42C4-BCEA-DDF5BD3C01AD}.Debug|x86.Build.0 = Debug|Win32
		{0FCCCBFA-4969-42C4-BCEA-DDF5BD3C01AD}.Release|x64.ActiveCfg = Release|x64
		{0FCCCBFA-4969-42C4-BCEA-DDF5BD3C01AD}.Release|x64.Build.0 = Release|x64
		{0FCCCBFA-4969-42C4-BCEA-DDF5BD3C01AD}.Release|x86.ActiveCfg = Release|Win32
		{0FCCCBFA-4969-42C4-BCEA-DDF5BD3C01AD}.Release|x86.Build.0 = Release|Win32
	EndGlobalSection
	GlobalSection(SolutionProperties) = preSolution
		HideSolutionNode = FALSE
	EndGlobalSection
	GlobalSection(NestedProjects) = preSolution
		{D640689C-2FAD-409E-A395-FA289614CE38} = {DB3332B5-E334-4425-BC0F-ADC500380961}
		{36FBD80D-E105-47AE-A0E4-A84C4812383F} = {DB3332B5-E334-4425-BC0F-ADC500380961}
		{D3F79ED4-B2C5-4CA7-B3A1-56C08EDEC731} = {DB3332B5-E334-4425-BC0F-ADC500380961}
		{DCC9EC30-28C2-4CBE-82ED-95B716D45B19} = {DB3332B5-E334-4425-BC0F-ADC500380961}
		{D4B983AB-1CD8-4102-A389-42A34EB862E6} = {DB3332B5-E334-4425-BC0F-ADC500380961}
		{A753ED46-8FA0-4CFA-8065-418FA52EEE75} = {DB3332B5-E334-4425-BC0F-ADC500380961}
		{7255DF33-E669-4960-B8E9-B84B9146EEDC} = {DB3332B5-E334-4425-BC0F-ADC500380961}
		{574B9ACC-FD1F-4647-8937-601995421BE9} = {DB3332B5-E334-4425-BC0F-ADC500380961}
		{73C5E619-C202-4136-ADCC-2A49E682CC73} = {DB3332B5-E334-4425-BC0F-ADC500380961}
		{0E6B0C68-8DA5-4F05-B2C7-2291FE867260} = {DB3332B5-E334-4425-BC0F-ADC500380961}
		{78DB3873-ACDA-4B15-BFE4-617DC70B6A3E} = {DB3332B5-E334-4425-BC0F-ADC500380961}
		{A3184157-461E-459C-9402-86908841F5B8} = {DB3332B5-E334-4425-BC0F-ADC500380961}
		{DC0B4875-6EDC-4A99-97CC-2DB5596247B8} = {DB3332B5-E334-4425-BC0F-ADC500380961}
		{61829209-A1C0-4E05-9353-01FAD5CF3A55} = {DB3332B5-E334-4425-BC0F-ADC500380961}
		{117D04ED-F7C7-4B1F-9081-7C96138540AD} = {DB3332B5-E334-4425-BC0F-ADC500380961}
		{6229ACBC-79D5-49BF-99F8-5C10BB28D05B} = {DB3332B5-E334-4425-BC0F-ADC500380961}
		{44D7EA19-9EDD-4E26-AEF7-A01C53F23AF1} = {DB3332B5-E334-4425-BC0F-ADC500380961}
		{D4B93A4E-7E7C-4093-8FD4-A498512059C7} = {DB3332B5-E334-4425-BC0F-ADC500380961}
		{2ACF54D5-FE91-41B3-AD11-7E97096ACFC5} = {DB3332B5-E334-4425-BC0F-ADC500380961}
		{0FCCCBFA-4969-42C4-BCEA-DDF5BD3C01AD} = {DB3332B5-E334-4425-BC0F-ADC500380961}
	EndGlobalSection
	GlobalSection(ExtensibilityGlobals) = postSolution
		SolutionGuid = {13490746-FCB6-4111-B755-9A2498DB63D0}
	EndGlobalSection
EndGlobal
