
Microsoft Visual Studio Solution File, Format Version 12.00
# Visual Studio Version 17
VisualStudioVersion = 17.0.32014.148
MinimumVisualStudioVersion = 10.0.40219.1
Project("{2150E333-8FDC-42A3-9474-1A3956D46DE8}") = "01 Section", "01 Section", "{DB3332B5-E334-4425-BC0F-ADC500380961}"
EndProject
Project("{8BC9CEB8-8B4A-11D0-8D11-00A0C91BC942}") = "00 namespace(1)", "00 namespace\00 namespace.vcxproj", "{D640689C-2FAD-409E-A395-FA289614CE38}"
EndProject
Project("{8BC9CEB8-8B4A-11D0-8D11-00A0C91BC942}") = "00 namespace(2)", "00 namespace(2)\00 namespace(2).vcxproj", "{36FBD80D-E105-47AE-A0E4-A84C4812383F}"
EndProject
Project("{8BC9CEB8-8B4A-11D0-8D11-00A0C91BC942}") = "00 namespace(3)", "00 namespace(3)\00 namespace(3).vcxproj", "{D3F79ED4-B2C5-4CA7-B3A1-56C08EDEC731}"
EndProject
Project("{8BC9CEB8-8B4A-11D0-8D11-00A0C91BC942}") = "00 namespace(4)", "00 namespace(4)\00 namespace(4).vcxproj", "{DCC9EC30-28C2-4CBE-82ED-95B716D45B19}"
EndProject
Project("{8BC9CEB8-8B4A-11D0-8D11-00A0C91BC942}") = "01 C++ 표준 입출력", "01 C++ 표준 입출력\01 C++ 표준 입출력.vcxproj", "{D4B983AB-1CD8-4102-A389-42A34EB862E6}"
EndProject
Project("{8BC9CEB8-8B4A-11D0-8D11-00A0C91BC942}") = "02 C++ 변수의 특징(1)", "02 C++ 변수의 특징\02 C++ 변수의 특징.vcxproj", "{A753ED46-8FA0-4CFA-8065-418FA52EEE75}"
EndProject
Project("{8BC9CEB8-8B4A-11D0-8D11-00A0C91BC942}") = "02 C++ 변수의 특징(2)", "02 C++ 변수의 특징(2)\02 C++ 변수의 특징(2).vcxproj", "{7255DF33-E669-4960-B8E9-B84B9146EEDC}"
EndProject
Project("{8BC9CEB8-8B4A-11D0-8D11-00A0C91BC942}") = "02 C++ 변수의 특징(3)", "02 C++ 변수의 특징(3)\02 C++ 변수의 특징(3).vcxproj", "{574B9ACC-FD1F-4647-8937-601995421BE9}"
EndProject
Project("{8BC9CEB8-8B4A-11D0-8D11-00A0C91BC942}") = "02 C++ 변수의 특징(4)", "02 C++ 변수의 특징(4)\02 C++ 변수의 특징(4).vcxproj", "{73C5E619-C202-4136-ADCC-2A49E682CC73}"
EndProject
Project("{8BC9CEB8-8B4A-11D0-8D11-00A0C91BC942}") = "02 C++ 변수의 특징(5)", "02 C++ 변수의 특징(5)\02 C++ 변수의 특징(5).vcxproj", "{0E6B0C68-8DA5-4F05-B2C7-2291FE867260}"
EndProject
Project("{8BC9CEB8-8B4A-11D0-8D11-00A0C91BC942}") = "03 C언어와 다른 C++ 함수(1)", "03 C언어와 다른 C++ 함수(1)\03 C언어와 다른 C++ 함수(1).vcxproj", "{78DB3873-ACDA-4B15-BFE4-617DC70B6A3E}"
EndProject
Project("{8BC9CEB8-8B4A-11D0-8D11-00A0C91BC942}") = "03 C언어와 다른 C++ 함수(2)", "03 C언어와 다른 C++ 함수(2)\03 C언어와 다른 C++ 함수(2).vcxproj", "{A3184157-461E-459C-9402-86908841F5B8}"
EndProject
Project("{8BC9CEB8-8B4A-11D0-8D11-00A0C91BC942}") = "03 C언어와 다른 C++ 함수(3)", "03 C언어와 다른 C++ 함수(3)\03 C언어와 다른 C++ 함수(3).vcxproj", "{DC0B4875-6EDC-4A99-97CC-2DB5596247B8}"
EndProject
Project("{8BC9CEB8-8B4A-11D0-8D11-00A0C91BC942}") = "03 C언어와 다른 C++ 함수(4)", "03 C언어와 다른 C++ 함수(4)\03 C언어와 다른 C++ 함수(4).vcxproj", "{61829209-A1C0-4E05-9353-01FAD5CF3A55}"
EndProject
Project("{8BC9CEB8-8B4A-11D0-8D11-00A0C91BC942}") = "03 C언어와 다른 C++ 함수(5)", "03 C언어와 다른 C++ 함수(5)\03 C언어와 다른 C++ 함수(5).vcxproj", "{117D04ED-F7C7-4B1F-9081-7C96138540AD}"
EndProject
Project("{8BC9CEB8-8B4A-11D0-8D11-00A0C91BC942}") = "03 C언어와 다른 C++ 함수(6)", "03 C언어와 다른 C++ 함수(6)\03 C언어와 다른 C++ 함수(6).vcxproj", "{6229ACBC-79D5-49BF-99F8-5C10BB28D05B}"
EndProject
Project("{8BC9CEB8-8B4A-11D0-8D11-00A0C91BC942}") = "04 C언어와 다른 C++ 제어문", "04 C언어와 다른 C++ 제어문\04 C언어와 다른 C++ 제어문.vcxproj", "{44D7EA19-9EDD-4E26-AEF7-A01C53F23AF1}"
EndProject
Project("{8BC9CEB8-8B4A-11D0-8D11-00A0C91BC942}") = "04 C언어와 다른 C++ 제어문(2)", "04 C언어와 다른 C++ 제어문(2)\04 C언어와 다른 C++ 제어문(2).vcxproj", "{D4B93A4E-7E7C-4093-8FD4-A498512059C7}"
EndProject
Project("{8BC9CEB8-8B4A-11D0-8D11-00A0C91BC942}") = "05 Reference", "Reference\Reference.vcxproj", "{2ACF54D5-FE91-41B3-AD11-7E97096ACFC5}"
EndProject
Project("{8BC9CEB8-8B4A-11D0-8D11-00A0C91BC942}") = "05 Reference(2)", "05 Reference(2)\05 Reference(2).vcxproj", "{0FCCCBFA-4969-42C4-BCEA-DDF5BD3C01AD}"
EndProject
Project("{8BC9CEB8-8B4A-11D0-8D11-00A0C91BC942}") = "06 C++ Explicit Casting", "06 C++ Explicit Casting\06 C++ Explicit Casting.vcxproj", "{A6557175-EA69-4BE0-8CBD-99A1119F09A8}"
EndProject
Project("{8BC9CEB8-8B4A-11D0-8D11-00A0C91BC942}") = "07 nullptr", "07 nullptr\07 nullptr.vcxproj", "{E166FA0C-19A8-414C-AE7F-9246168C4755}"
EndProject
Project("{2150E333-8FDC-42A3-9474-1A3956D46DE8}") = "02 Section", "02 Section", "{38BF7AF5-EA69-4690-A273-4D1514D1B872}"
EndProject
Project("{8BC9CEB8-8B4A-11D0-8D11-00A0C91BC942}") = "00 객체지향 프로그래밍의 개념", "00 객체지향 프로그래밍의 개념\00 객체지향 프로그래밍의 개념.vcxproj", "{91D41F3F-73FD-4DAB-9A41-E06282F488D7}"
EndProject
Project("{8BC9CEB8-8B4A-11D0-8D11-00A0C91BC942}") = "01 접근지정자, 생성자, 소멸자", "01 접근지정자, 생성자, 소멸자\01 접근지정자, 생성자, 소멸자.vcxproj", "{F030F557-9C8F-4B70-B77A-250EED48310C}"
EndProject
Project("{8BC9CEB8-8B4A-11D0-8D11-00A0C91BC942}") = "01 접근지정자, 생성자, 소멸자(2)", "01 접근지정자, 생성자, 소멸자(2)\01 접근지정자, 생성자, 소멸자(2).vcxproj", "{8AD806C3-BE4E-45B6-ABEB-E055052FE8FD}"
EndProject
Project("{8BC9CEB8-8B4A-11D0-8D11-00A0C91BC942}") = "02 초기화리스트", "02 초기화리스트\02 초기화리스트.vcxproj", "{90A99C57-F067-4379-AC2A-1EACDDBD8B9E}"
EndProject
Project("{8BC9CEB8-8B4A-11D0-8D11-00A0C91BC942}") = "02 초기화리스트(2)", "02 초기화리스트(2)\02 초기화리스트(2).vcxproj", "{F3A3D414-5CE4-4B1E-B0A3-C34DDEE585D0}"
EndProject
Project("{8BC9CEB8-8B4A-11D0-8D11-00A0C91BC942}") = "03 복사생성자", "03 복사생성자\03 복사생성자.vcxproj", "{0205DF08-77C1-41F4-A9FE-7238D6C4E8CC}"
EndProject
Project("{8BC9CEB8-8B4A-11D0-8D11-00A0C91BC942}") = "03 복사생성자(2)", "03 복사생성자(2)\03 복사생성자(2).vcxproj", "{81A53064-5F68-4729-A3E0-DA927BFF5ABD}"
EndProject
Project("{8BC9CEB8-8B4A-11D0-8D11-00A0C91BC942}") = "03 복사생성자(3)", "03 복사생성자(3)\03 복사생성자(3).vcxproj", "{68512969-47B5-47FD-A272-01DF37DD165A}"
EndProject
Project("{8BC9CEB8-8B4A-11D0-8D11-00A0C91BC942}") = "03 복사생성자(4)", "03 복사생성자(4)\03 복사생성자(4).vcxproj", "{6BC516BC-AD19-4684-8484-AF20A1721E18}"
EndProject
Project("{8BC9CEB8-8B4A-11D0-8D11-00A0C91BC942}") = "04 static member", "04 static member\04 static member.vcxproj", "{DC938611-2455-4FF8-A292-EB3CD13B4585}"
EndProject
Project("{8BC9CEB8-8B4A-11D0-8D11-00A0C91BC942}") = "04 static member(2)", "04 static member(2)\04 static member(2).vcxproj", "{F1EA62F2-04FF-4A2C-B190-19CFB6FE3422}"
EndProject
Project("{8BC9CEB8-8B4A-11D0-8D11-00A0C91BC942}") = "04 static member(3)", "04 static member(3)\04 static member(3).vcxproj", "{A534185E-CF55-46D8-96E4-8A93E410EB72}"
EndProject
Project("{8BC9CEB8-8B4A-11D0-8D11-00A0C91BC942}") = "05 상수 멤버 함수와 this", "05 상수 멤버 함수와 this\05 상수 멤버 함수와 this.vcxproj", "{0D8A82E4-7818-4745-B3C8-C93C16245BB5}"
EndProject
Project("{8BC9CEB8-8B4A-11D0-8D11-00A0C91BC942}") = "05 상수 멤버 함수와 this(2)", "05 상수 멤버 함수와 this(2)\05 상수 멤버 함수와 this(2).vcxproj", "{6D3D079F-3387-4E8C-B3F0-7A898A6726D1}"
EndProject
Project("{8BC9CEB8-8B4A-11D0-8D11-00A0C91BC942}") = "05 상수 멤버 함수와 this(3)", "05 상수 멤버 함수와 this(3)\05 상수 멤버 함수와 this(3).vcxproj", "{17E798D3-4158-4737-B722-5400C36D8968}"
EndProject
Project("{8BC9CEB8-8B4A-11D0-8D11-00A0C91BC942}") = "05 상수 멤버 함수와 this(4)", "05 상수 멤버 함수와 this(4)\05 상수 멤버 함수와 this(4).vcxproj", "{3DD39E92-E011-4E0B-BCBB-39ACDBDABE67}"
EndProject
Project("{2150E333-8FDC-42A3-9474-1A3956D46DE8}") = "03 Section", "03 Section", "{9E9A0E70-81F4-44EB-8413-434001958112}"
EndProject
Project("{8BC9CEB8-8B4A-11D0-8D11-00A0C91BC942}") = "00 상속", "00 상속\00 상속.vcxproj", "{3137390F-522D-438C-AC36-4EBC98F7A939}"
EndProject
Project("{8BC9CEB8-8B4A-11D0-8D11-00A0C91BC942}") = "00 상속(2)", "00 상속(2)\00 상속(2).vcxproj", "{B47A1E69-86A1-451D-B264-1509C4730D76}"
EndProject
Project("{8BC9CEB8-8B4A-11D0-8D11-00A0C91BC942}") = "01 가상함수", "01 가상함수\01 가상함수.vcxproj", "{DB8816EC-E2E2-4BE4-BFEF-7E2856B56F4F}"
EndProject
Project("{8BC9CEB8-8B4A-11D0-8D11-00A0C91BC942}") = "01 가상함수(2)", "01 가상함수(2)\01 가상함수(2).vcxproj", "{25223D18-D885-4D48-83EF-71D37C880244}"
EndProject
Project("{8BC9CEB8-8B4A-11D0-8D11-00A0C91BC942}") = "01 가상함수(3)", "01 가상함수(3)\01 가상함수(3).vcxproj", "{32412BBD-BC6A-4228-BBE1-3C3039066FB2}"
EndProject
Project("{8BC9CEB8-8B4A-11D0-8D11-00A0C91BC942}") = "02 가상함수", "02 가상함수\02 가상함수.vcxproj", "{B59571A9-5E16-4ABD-B751-B0959C55FF4F}"
EndProject
Project("{8BC9CEB8-8B4A-11D0-8D11-00A0C91BC942}") = "02 가상함수(2)", "02 가상함수(2)\02 가상함수(2).vcxproj", "{C2D6EB1B-006D-44BA-AC37-279DDD9E3198}"
EndProject
Project("{8BC9CEB8-8B4A-11D0-8D11-00A0C91BC942}") = "03 추상클래스와 인터페이스", "03 추상클래스와 인터페이스\03 추상클래스와 인터페이스.vcxproj", "{F84416B4-5086-4F8B-A903-5B7E5FF746A1}"
EndProject
Project("{8BC9CEB8-8B4A-11D0-8D11-00A0C91BC942}") = "03 추상클래스와 인터페이스(2)", "03 추상클래스와 인터페이스(2)\03 추상클래스와 인터페이스(2).vcxproj", "{41EBC1F3-A044-462B-978B-B061DCC97ECF}"
EndProject
Project("{8BC9CEB8-8B4A-11D0-8D11-00A0C91BC942}") = "04 RTTI", "04 RTTI\04 RTTI.vcxproj", "{0456D293-51F5-4397-A853-1118DF51E4AA}"
EndProject
Project("{8BC9CEB8-8B4A-11D0-8D11-00A0C91BC942}") = "04 RTTI(2)", "04 RTTI(2)\04 RTTI(2).vcxproj", "{95F2A36B-2E06-424C-94C0-3438FDC1CCD6}"
EndProject
Project("{8BC9CEB8-8B4A-11D0-8D11-00A0C91BC942}") = "05 다중상속", "05 다중상속\05 다중상속.vcxproj", "{364642DF-C5FE-4240-AC02-181B43A805A5}"
EndProject
Global
	GlobalSection(SolutionConfigurationPlatforms) = preSolution
		Debug|x64 = Debug|x64
		Debug|x86 = Debug|x86
		Release|x64 = Release|x64
		Release|x86 = Release|x86
	EndGlobalSection
	GlobalSection(ProjectConfigurationPlatforms) = postSolution
		{D640689C-2FAD-409E-A395-FA289614CE38}.Debug|x64.ActiveCfg = Debug|x64
		{D640689C-2FAD-409E-A395-FA289614CE38}.Debug|x64.Build.0 = Debug|x64
		{D640689C-2FAD-409E-A395-FA289614CE38}.Debug|x86.ActiveCfg = Debug|Win32
		{D640689C-2FAD-409E-A395-FA289614CE38}.Debug|x86.Build.0 = Debug|Win32
		{D640689C-2FAD-409E-A395-FA289614CE38}.Release|x64.ActiveCfg = Release|x64
		{D640689C-2FAD-409E-A395-FA289614CE38}.Release|x64.Build.0 = Release|x64
		{D640689C-2FAD-409E-A395-FA289614CE38}.Release|x86.ActiveCfg = Release|Win32
		{D640689C-2FAD-409E-A395-FA289614CE38}.Release|x86.Build.0 = Release|Win32
		{36FBD80D-E105-47AE-A0E4-A84C4812383F}.Debug|x64.ActiveCfg = Debug|x64
		{36FBD80D-E105-47AE-A0E4-A84C4812383F}.Debug|x64.Build.0 = Debug|x64
		{36FBD80D-E105-47AE-A0E4-A84C4812383F}.Debug|x86.ActiveCfg = Debug|Win32
		{36FBD80D-E105-47AE-A0E4-A84C4812383F}.Debug|x86.Build.0 = Debug|Win32
		{36FBD80D-E105-47AE-A0E4-A84C4812383F}.Release|x64.ActiveCfg = Release|x64
		{36FBD80D-E105-47AE-A0E4-A84C4812383F}.Release|x64.Build.0 = Release|x64
		{36FBD80D-E105-47AE-A0E4-A84C4812383F}.Release|x86.ActiveCfg = Release|Win32
		{36FBD80D-E105-47AE-A0E4-A84C4812383F}.Release|x86.Build.0 = Release|Win32
		{D3F79ED4-B2C5-4CA7-B3A1-56C08EDEC731}.Debug|x64.ActiveCfg = Debug|x64
		{D3F79ED4-B2C5-4CA7-B3A1-56C08EDEC731}.Debug|x64.Build.0 = Debug|x64
		{D3F79ED4-B2C5-4CA7-B3A1-56C08EDEC731}.Debug|x86.ActiveCfg = Debug|Win32
		{D3F79ED4-B2C5-4CA7-B3A1-56C08EDEC731}.Debug|x86.Build.0 = Debug|Win32
		{D3F79ED4-B2C5-4CA7-B3A1-56C08EDEC731}.Release|x64.ActiveCfg = Release|x64
		{D3F79ED4-B2C5-4CA7-B3A1-56C08EDEC731}.Release|x64.Build.0 = Release|x64
		{D3F79ED4-B2C5-4CA7-B3A1-56C08EDEC731}.Release|x86.ActiveCfg = Release|Win32
		{D3F79ED4-B2C5-4CA7-B3A1-56C08EDEC731}.Release|x86.Build.0 = Release|Win32
		{DCC9EC30-28C2-4CBE-82ED-95B716D45B19}.Debug|x64.ActiveCfg = Debug|x64
		{DCC9EC30-28C2-4CBE-82ED-95B716D45B19}.Debug|x64.Build.0 = Debug|x64
		{DCC9EC30-28C2-4CBE-82ED-95B716D45B19}.Debug|x86.ActiveCfg = Debug|Win32
		{DCC9EC30-28C2-4CBE-82ED-95B716D45B19}.Debug|x86.Build.0 = Debug|Win32
		{DCC9EC30-28C2-4CBE-82ED-95B716D45B19}.Release|x64.ActiveCfg = Release|x64
		{DCC9EC30-28C2-4CBE-82ED-95B716D45B19}.Release|x64.Build.0 = Release|x64
		{DCC9EC30-28C2-4CBE-82ED-95B716D45B19}.Release|x86.ActiveCfg = Release|Win32
		{DCC9EC30-28C2-4CBE-82ED-95B716D45B19}.Release|x86.Build.0 = Release|Win32
		{D4B983AB-1CD8-4102-A389-42A34EB862E6}.Debug|x64.ActiveCfg = Debug|x64
		{D4B983AB-1CD8-4102-A389-42A34EB862E6}.Debug|x64.Build.0 = Debug|x64
		{D4B983AB-1CD8-4102-A389-42A34EB862E6}.Debug|x86.ActiveCfg = Debug|Win32
		{D4B983AB-1CD8-4102-A389-42A34EB862E6}.Debug|x86.Build.0 = Debug|Win32
		{D4B983AB-1CD8-4102-A389-42A34EB862E6}.Release|x64.ActiveCfg = Release|x64
		{D4B983AB-1CD8-4102-A389-42A34EB862E6}.Release|x64.Build.0 = Release|x64
		{D4B983AB-1CD8-4102-A389-42A34EB862E6}.Release|x86.ActiveCfg = Release|Win32
		{D4B983AB-1CD8-4102-A389-42A34EB862E6}.Release|x86.Build.0 = Release|Win32
		{A753ED46-8FA0-4CFA-8065-418FA52EEE75}.Debug|x64.ActiveCfg = Debug|x64
		{A753ED46-8FA0-4CFA-8065-418FA52EEE75}.Debug|x64.Build.0 = Debug|x64
		{A753ED46-8FA0-4CFA-8065-418FA52EEE75}.Debug|x86.ActiveCfg = Debug|Win32
		{A753ED46-8FA0-4CFA-8065-418FA52EEE75}.Debug|x86.Build.0 = Debug|Win32
		{A753ED46-8FA0-4CFA-8065-418FA52EEE75}.Release|x64.ActiveCfg = Release|x64
		{A753ED46-8FA0-4CFA-8065-418FA52EEE75}.Release|x64.Build.0 = Release|x64
		{A753ED46-8FA0-4CFA-8065-418FA52EEE75}.Release|x86.ActiveCfg = Release|Win32
		{A753ED46-8FA0-4CFA-8065-418FA52EEE75}.Release|x86.Build.0 = Release|Win32
		{7255DF33-E669-4960-B8E9-B84B9146EEDC}.Debug|x64.ActiveCfg = Debug|x64
		{7255DF33-E669-4960-B8E9-B84B9146EEDC}.Debug|x64.Build.0 = Debug|x64
		{7255DF33-E669-4960-B8E9-B84B9146EEDC}.Debug|x86.ActiveCfg = Debug|Win32
		{7255DF33-E669-4960-B8E9-B84B9146EEDC}.Debug|x86.Build.0 = Debug|Win32
		{7255DF33-E669-4960-B8E9-B84B9146EEDC}.Release|x64.ActiveCfg = Release|x64
		{7255DF33-E669-4960-B8E9-B84B9146EEDC}.Release|x64.Build.0 = Release|x64
		{7255DF33-E669-4960-B8E9-B84B9146EEDC}.Release|x86.ActiveCfg = Release|Win32
		{7255DF33-E669-4960-B8E9-B84B9146EEDC}.Release|x86.Build.0 = Release|Win32
		{574B9ACC-FD1F-4647-8937-601995421BE9}.Debug|x64.ActiveCfg = Debug|x64
		{574B9ACC-FD1F-4647-8937-601995421BE9}.Debug|x64.Build.0 = Debug|x64
		{574B9ACC-FD1F-4647-8937-601995421BE9}.Debug|x86.ActiveCfg = Debug|Win32
		{574B9ACC-FD1F-4647-8937-601995421BE9}.Debug|x86.Build.0 = Debug|Win32
		{574B9ACC-FD1F-4647-8937-601995421BE9}.Release|x64.ActiveCfg = Release|x64
		{574B9ACC-FD1F-4647-8937-601995421BE9}.Release|x64.Build.0 = Release|x64
		{574B9ACC-FD1F-4647-8937-601995421BE9}.Release|x86.ActiveCfg = Release|Win32
		{574B9ACC-FD1F-4647-8937-601995421BE9}.Release|x86.Build.0 = Release|Win32
		{73C5E619-C202-4136-ADCC-2A49E682CC73}.Debug|x64.ActiveCfg = Debug|x64
		{73C5E619-C202-4136-ADCC-2A49E682CC73}.Debug|x64.Build.0 = Debug|x64
		{73C5E619-C202-4136-ADCC-2A49E682CC73}.Debug|x86.ActiveCfg = Debug|Win32
		{73C5E619-C202-4136-ADCC-2A49E682CC73}.Debug|x86.Build.0 = Debug|Win32
		{73C5E619-C202-4136-ADCC-2A49E682CC73}.Release|x64.ActiveCfg = Release|x64
		{73C5E619-C202-4136-ADCC-2A49E682CC73}.Release|x64.Build.0 = Release|x64
		{73C5E619-C202-4136-ADCC-2A49E682CC73}.Release|x86.ActiveCfg = Release|Win32
		{73C5E619-C202-4136-ADCC-2A49E682CC73}.Release|x86.Build.0 = Release|Win32
		{0E6B0C68-8DA5-4F05-B2C7-2291FE867260}.Debug|x64.ActiveCfg = Debug|x64
		{0E6B0C68-8DA5-4F05-B2C7-2291FE867260}.Debug|x64.Build.0 = Debug|x64
		{0E6B0C68-8DA5-4F05-B2C7-2291FE867260}.Debug|x86.ActiveCfg = Debug|Win32
		{0E6B0C68-8DA5-4F05-B2C7-2291FE867260}.Debug|x86.Build.0 = Debug|Win32
		{0E6B0C68-8DA5-4F05-B2C7-2291FE867260}.Release|x64.ActiveCfg = Release|x64
		{0E6B0C68-8DA5-4F05-B2C7-2291FE867260}.Release|x64.Build.0 = Release|x64
		{0E6B0C68-8DA5-4F05-B2C7-2291FE867260}.Release|x86.ActiveCfg = Release|Win32
		{0E6B0C68-8DA5-4F05-B2C7-2291FE867260}.Release|x86.Build.0 = Release|Win32
		{78DB3873-ACDA-4B15-BFE4-617DC70B6A3E}.Debug|x64.ActiveCfg = Debug|x64
		{78DB3873-ACDA-4B15-BFE4-617DC70B6A3E}.Debug|x64.Build.0 = Debug|x64
		{78DB3873-ACDA-4B15-BFE4-617DC70B6A3E}.Debug|x86.ActiveCfg = Debug|Win32
		{78DB3873-ACDA-4B15-BFE4-617DC70B6A3E}.Debug|x86.Build.0 = Debug|Win32
		{78DB3873-ACDA-4B15-BFE4-617DC70B6A3E}.Release|x64.ActiveCfg = Release|x64
		{78DB3873-ACDA-4B15-BFE4-617DC70B6A3E}.Release|x64.Build.0 = Release|x64
		{78DB3873-ACDA-4B15-BFE4-617DC70B6A3E}.Release|x86.ActiveCfg = Release|Win32
		{78DB3873-ACDA-4B15-BFE4-617DC70B6A3E}.Release|x86.Build.0 = Release|Win32
		{A3184157-461E-459C-9402-86908841F5B8}.Debug|x64.ActiveCfg = Debug|x64
		{A3184157-461E-459C-9402-86908841F5B8}.Debug|x64.Build.0 = Debug|x64
		{A3184157-461E-459C-9402-86908841F5B8}.Debug|x86.ActiveCfg = Debug|Win32
		{A3184157-461E-459C-9402-86908841F5B8}.Debug|x86.Build.0 = Debug|Win32
		{A3184157-461E-459C-9402-86908841F5B8}.Release|x64.ActiveCfg = Release|x64
		{A3184157-461E-459C-9402-86908841F5B8}.Release|x64.Build.0 = Release|x64
		{A3184157-461E-459C-9402-86908841F5B8}.Release|x86.ActiveCfg = Release|Win32
		{A3184157-461E-459C-9402-86908841F5B8}.Release|x86.Build.0 = Release|Win32
		{DC0B4875-6EDC-4A99-97CC-2DB5596247B8}.Debug|x64.ActiveCfg = Debug|x64
		{DC0B4875-6EDC-4A99-97CC-2DB5596247B8}.Debug|x64.Build.0 = Debug|x64
		{DC0B4875-6EDC-4A99-97CC-2DB5596247B8}.Debug|x86.ActiveCfg = Debug|Win32
		{DC0B4875-6EDC-4A99-97CC-2DB5596247B8}.Debug|x86.Build.0 = Debug|Win32
		{DC0B4875-6EDC-4A99-97CC-2DB5596247B8}.Release|x64.ActiveCfg = Release|x64
		{DC0B4875-6EDC-4A99-97CC-2DB5596247B8}.Release|x64.Build.0 = Release|x64
		{DC0B4875-6EDC-4A99-97CC-2DB5596247B8}.Release|x86.ActiveCfg = Release|Win32
		{DC0B4875-6EDC-4A99-97CC-2DB5596247B8}.Release|x86.Build.0 = Release|Win32
		{61829209-A1C0-4E05-9353-01FAD5CF3A55}.Debug|x64.ActiveCfg = Debug|x64
		{61829209-A1C0-4E05-9353-01FAD5CF3A55}.Debug|x64.Build.0 = Debug|x64
		{61829209-A1C0-4E05-9353-01FAD5CF3A55}.Debug|x86.ActiveCfg = Debug|Win32
		{61829209-A1C0-4E05-9353-01FAD5CF3A55}.Debug|x86.Build.0 = Debug|Win32
		{61829209-A1C0-4E05-9353-01FAD5CF3A55}.Release|x64.ActiveCfg = Release|x64
		{61829209-A1C0-4E05-9353-01FAD5CF3A55}.Release|x64.Build.0 = Release|x64
		{61829209-A1C0-4E05-9353-01FAD5CF3A55}.Release|x86.ActiveCfg = Release|Win32
		{61829209-A1C0-4E05-9353-01FAD5CF3A55}.Release|x86.Build.0 = Release|Win32
		{117D04ED-F7C7-4B1F-9081-7C96138540AD}.Debug|x64.ActiveCfg = Debug|x64
		{117D04ED-F7C7-4B1F-9081-7C96138540AD}.Debug|x64.Build.0 = Debug|x64
		{117D04ED-F7C7-4B1F-9081-7C96138540AD}.Debug|x86.ActiveCfg = Debug|Win32
		{117D04ED-F7C7-4B1F-9081-7C96138540AD}.Debug|x86.Build.0 = Debug|Win32
		{117D04ED-F7C7-4B1F-9081-7C96138540AD}.Release|x64.ActiveCfg = Release|x64
		{117D04ED-F7C7-4B1F-9081-7C96138540AD}.Release|x64.Build.0 = Release|x64
		{117D04ED-F7C7-4B1F-9081-7C96138540AD}.Release|x86.ActiveCfg = Release|Win32
		{117D04ED-F7C7-4B1F-9081-7C96138540AD}.Release|x86.Build.0 = Release|Win32
		{6229ACBC-79D5-49BF-99F8-5C10BB28D05B}.Debug|x64.ActiveCfg = Debug|x64
		{6229ACBC-79D5-49BF-99F8-5C10BB28D05B}.Debug|x64.Build.0 = Debug|x64
		{6229ACBC-79D5-49BF-99F8-5C10BB28D05B}.Debug|x86.ActiveCfg = Debug|Win32
		{6229ACBC-79D5-49BF-99F8-5C10BB28D05B}.Debug|x86.Build.0 = Debug|Win32
		{6229ACBC-79D5-49BF-99F8-5C10BB28D05B}.Release|x64.ActiveCfg = Release|x64
		{6229ACBC-79D5-49BF-99F8-5C10BB28D05B}.Release|x64.Build.0 = Release|x64
		{6229ACBC-79D5-49BF-99F8-5C10BB28D05B}.Release|x86.ActiveCfg = Release|Win32
		{6229ACBC-79D5-49BF-99F8-5C10BB28D05B}.Release|x86.Build.0 = Release|Win32
		{44D7EA19-9EDD-4E26-AEF7-A01C53F23AF1}.Debug|x64.ActiveCfg = Debug|x64
		{44D7EA19-9EDD-4E26-AEF7-A01C53F23AF1}.Debug|x64.Build.0 = Debug|x64
		{44D7EA19-9EDD-4E26-AEF7-A01C53F23AF1}.Debug|x86.ActiveCfg = Debug|Win32
		{44D7EA19-9EDD-4E26-AEF7-A01C53F23AF1}.Debug|x86.Build.0 = Debug|Win32
		{44D7EA19-9EDD-4E26-AEF7-A01C53F23AF1}.Release|x64.ActiveCfg = Release|x64
		{44D7EA19-9EDD-4E26-AEF7-A01C53F23AF1}.Release|x64.Build.0 = Release|x64
		{44D7EA19-9EDD-4E26-AEF7-A01C53F23AF1}.Release|x86.ActiveCfg = Release|Win32
		{44D7EA19-9EDD-4E26-AEF7-A01C53F23AF1}.Release|x86.Build.0 = Release|Win32
		{D4B93A4E-7E7C-4093-8FD4-A498512059C7}.Debug|x64.ActiveCfg = Debug|x64
		{D4B93A4E-7E7C-4093-8FD4-A498512059C7}.Debug|x64.Build.0 = Debug|x64
		{D4B93A4E-7E7C-4093-8FD4-A498512059C7}.Debug|x86.ActiveCfg = Debug|Win32
		{D4B93A4E-7E7C-4093-8FD4-A498512059C7}.Debug|x86.Build.0 = Debug|Win32
		{D4B93A4E-7E7C-4093-8FD4-A498512059C7}.Release|x64.ActiveCfg = Release|x64
		{D4B93A4E-7E7C-4093-8FD4-A498512059C7}.Release|x64.Build.0 = Release|x64
		{D4B93A4E-7E7C-4093-8FD4-A498512059C7}.Release|x86.ActiveCfg = Release|Win32
		{D4B93A4E-7E7C-4093-8FD4-A498512059C7}.Release|x86.Build.0 = Release|Win32
		{2ACF54D5-FE91-41B3-AD11-7E97096ACFC5}.Debug|x64.ActiveCfg = Debug|x64
		{2ACF54D5-FE91-41B3-AD11-7E97096ACFC5}.Debug|x64.Build.0 = Debug|x64
		{2ACF54D5-FE91-41B3-AD11-7E97096ACFC5}.Debug|x86.ActiveCfg = Debug|Win32
		{2ACF54D5-FE91-41B3-AD11-7E97096ACFC5}.Debug|x86.Build.0 = Debug|Win32
		{2ACF54D5-FE91-41B3-AD11-7E97096ACFC5}.Release|x64.ActiveCfg = Release|x64
		{2ACF54D5-FE91-41B3-AD11-7E97096ACFC5}.Release|x64.Build.0 = Release|x64
		{2ACF54D5-FE91-41B3-AD11-7E97096ACFC5}.Release|x86.ActiveCfg = Release|Win32
		{2ACF54D5-FE91-41B3-AD11-7E97096ACFC5}.Release|x86.Build.0 = Release|Win32
		{0FCCCBFA-4969-42C4-BCEA-DDF5BD3C01AD}.Debug|x64.ActiveCfg = Debug|x64
		{0FCCCBFA-4969-42C4-BCEA-DDF5BD3C01AD}.Debug|x64.Build.0 = Debug|x64
		{0FCCCBFA-4969-42C4-BCEA-DDF5BD3C01AD}.Debug|x86.ActiveCfg = Debug|Win32
		{0FCCCBFA-4969-42C4-BCEA-DDF5BD3C01AD}.Debug|x86.Build.0 = Debug|Win32
		{0FCCCBFA-4969-42C4-BCEA-DDF5BD3C01AD}.Release|x64.ActiveCfg = Release|x64
		{0FCCCBFA-4969-42C4-BCEA-DDF5BD3C01AD}.Release|x64.Build.0 = Release|x64
		{0FCCCBFA-4969-42C4-BCEA-DDF5BD3C01AD}.Release|x86.ActiveCfg = Release|Win32
		{0FCCCBFA-4969-42C4-BCEA-DDF5BD3C01AD}.Release|x86.Build.0 = Release|Win32
		{A6557175-EA69-4BE0-8CBD-99A1119F09A8}.Debug|x64.ActiveCfg = Debug|x64
		{A6557175-EA69-4BE0-8CBD-99A1119F09A8}.Debug|x64.Build.0 = Debug|x64
		{A6557175-EA69-4BE0-8CBD-99A1119F09A8}.Debug|x86.ActiveCfg = Debug|Win32
		{A6557175-EA69-4BE0-8CBD-99A1119F09A8}.Debug|x86.Build.0 = Debug|Win32
		{A6557175-EA69-4BE0-8CBD-99A1119F09A8}.Release|x64.ActiveCfg = Release|x64
		{A6557175-EA69-4BE0-8CBD-99A1119F09A8}.Release|x64.Build.0 = Release|x64
		{A6557175-EA69-4BE0-8CBD-99A1119F09A8}.Release|x86.ActiveCfg = Release|Win32
		{A6557175-EA69-4BE0-8CBD-99A1119F09A8}.Release|x86.Build.0 = Release|Win32
		{E166FA0C-19A8-414C-AE7F-9246168C4755}.Debug|x64.ActiveCfg = Debug|x64
		{E166FA0C-19A8-414C-AE7F-9246168C4755}.Debug|x64.Build.0 = Debug|x64
		{E166FA0C-19A8-414C-AE7F-9246168C4755}.Debug|x86.ActiveCfg = Debug|Win32
		{E166FA0C-19A8-414C-AE7F-9246168C4755}.Debug|x86.Build.0 = Debug|Win32
		{E166FA0C-19A8-414C-AE7F-9246168C4755}.Release|x64.ActiveCfg = Release|x64
		{E166FA0C-19A8-414C-AE7F-9246168C4755}.Release|x64.Build.0 = Release|x64
		{E166FA0C-19A8-414C-AE7F-9246168C4755}.Release|x86.ActiveCfg = Release|Win32
		{E166FA0C-19A8-414C-AE7F-9246168C4755}.Release|x86.Build.0 = Release|Win32
		{91D41F3F-73FD-4DAB-9A41-E06282F488D7}.Debug|x64.ActiveCfg = Debug|x64
		{91D41F3F-73FD-4DAB-9A41-E06282F488D7}.Debug|x64.Build.0 = Debug|x64
		{91D41F3F-73FD-4DAB-9A41-E06282F488D7}.Debug|x86.ActiveCfg = Debug|Win32
		{91D41F3F-73FD-4DAB-9A41-E06282F488D7}.Debug|x86.Build.0 = Debug|Win32
		{91D41F3F-73FD-4DAB-9A41-E06282F488D7}.Release|x64.ActiveCfg = Release|x64
		{91D41F3F-73FD-4DAB-9A41-E06282F488D7}.Release|x64.Build.0 = Release|x64
		{91D41F3F-73FD-4DAB-9A41-E06282F488D7}.Release|x86.ActiveCfg = Release|Win32
		{91D41F3F-73FD-4DAB-9A41-E06282F488D7}.Release|x86.Build.0 = Release|Win32
		{F030F557-9C8F-4B70-B77A-250EED48310C}.Debug|x64.ActiveCfg = Debug|x64
		{F030F557-9C8F-4B70-B77A-250EED48310C}.Debug|x64.Build.0 = Debug|x64
		{F030F557-9C8F-4B70-B77A-250EED48310C}.Debug|x86.ActiveCfg = Debug|Win32
		{F030F557-9C8F-4B70-B77A-250EED48310C}.Debug|x86.Build.0 = Debug|Win32
		{F030F557-9C8F-4B70-B77A-250EED48310C}.Release|x64.ActiveCfg = Release|x64
		{F030F557-9C8F-4B70-B77A-250EED48310C}.Release|x64.Build.0 = Release|x64
		{F030F557-9C8F-4B70-B77A-250EED48310C}.Release|x86.ActiveCfg = Release|Win32
		{F030F557-9C8F-4B70-B77A-250EED48310C}.Release|x86.Build.0 = Release|Win32
		{8AD806C3-BE4E-45B6-ABEB-E055052FE8FD}.Debug|x64.ActiveCfg = Debug|x64
		{8AD806C3-BE4E-45B6-ABEB-E055052FE8FD}.Debug|x64.Build.0 = Debug|x64
		{8AD806C3-BE4E-45B6-ABEB-E055052FE8FD}.Debug|x86.ActiveCfg = Debug|Win32
		{8AD806C3-BE4E-45B6-ABEB-E055052FE8FD}.Debug|x86.Build.0 = Debug|Win32
		{8AD806C3-BE4E-45B6-ABEB-E055052FE8FD}.Release|x64.ActiveCfg = Release|x64
		{8AD806C3-BE4E-45B6-ABEB-E055052FE8FD}.Release|x64.Build.0 = Release|x64
		{8AD806C3-BE4E-45B6-ABEB-E055052FE8FD}.Release|x86.ActiveCfg = Release|Win32
		{8AD806C3-BE4E-45B6-ABEB-E055052FE8FD}.Release|x86.Build.0 = Release|Win32
		{90A99C57-F067-4379-AC2A-1EACDDBD8B9E}.Debug|x64.ActiveCfg = Debug|x64
		{90A99C57-F067-4379-AC2A-1EACDDBD8B9E}.Debug|x64.Build.0 = Debug|x64
		{90A99C57-F067-4379-AC2A-1EACDDBD8B9E}.Debug|x86.ActiveCfg = Debug|Win32
		{90A99C57-F067-4379-AC2A-1EACDDBD8B9E}.Debug|x86.Build.0 = Debug|Win32
		{90A99C57-F067-4379-AC2A-1EACDDBD8B9E}.Release|x64.ActiveCfg = Release|x64
		{90A99C57-F067-4379-AC2A-1EACDDBD8B9E}.Release|x64.Build.0 = Release|x64
		{90A99C57-F067-4379-AC2A-1EACDDBD8B9E}.Release|x86.ActiveCfg = Release|Win32
		{90A99C57-F067-4379-AC2A-1EACDDBD8B9E}.Release|x86.Build.0 = Release|Win32
		{F3A3D414-5CE4-4B1E-B0A3-C34DDEE585D0}.Debug|x64.ActiveCfg = Debug|x64
		{F3A3D414-5CE4-4B1E-B0A3-C34DDEE585D0}.Debug|x64.Build.0 = Debug|x64
		{F3A3D414-5CE4-4B1E-B0A3-C34DDEE585D0}.Debug|x86.ActiveCfg = Debug|Win32
		{F3A3D414-5CE4-4B1E-B0A3-C34DDEE585D0}.Debug|x86.Build.0 = Debug|Win32
		{F3A3D414-5CE4-4B1E-B0A3-C34DDEE585D0}.Release|x64.ActiveCfg = Release|x64
		{F3A3D414-5CE4-4B1E-B0A3-C34DDEE585D0}.Release|x64.Build.0 = Release|x64
		{F3A3D414-5CE4-4B1E-B0A3-C34DDEE585D0}.Release|x86.ActiveCfg = Release|Win32
		{F3A3D414-5CE4-4B1E-B0A3-C34DDEE585D0}.Release|x86.Build.0 = Release|Win32
		{0205DF08-77C1-41F4-A9FE-7238D6C4E8CC}.Debug|x64.ActiveCfg = Debug|x64
		{0205DF08-77C1-41F4-A9FE-7238D6C4E8CC}.Debug|x64.Build.0 = Debug|x64
		{0205DF08-77C1-41F4-A9FE-7238D6C4E8CC}.Debug|x86.ActiveCfg = Debug|Win32
		{0205DF08-77C1-41F4-A9FE-7238D6C4E8CC}.Debug|x86.Build.0 = Debug|Win32
		{0205DF08-77C1-41F4-A9FE-7238D6C4E8CC}.Release|x64.ActiveCfg = Release|x64
		{0205DF08-77C1-41F4-A9FE-7238D6C4E8CC}.Release|x64.Build.0 = Release|x64
		{0205DF08-77C1-41F4-A9FE-7238D6C4E8CC}.Release|x86.ActiveCfg = Release|Win32
		{0205DF08-77C1-41F4-A9FE-7238D6C4E8CC}.Release|x86.Build.0 = Release|Win32
		{81A53064-5F68-4729-A3E0-DA927BFF5ABD}.Debug|x64.ActiveCfg = Debug|x64
		{81A53064-5F68-4729-A3E0-DA927BFF5ABD}.Debug|x64.Build.0 = Debug|x64
		{81A53064-5F68-4729-A3E0-DA927BFF5ABD}.Debug|x86.ActiveCfg = Debug|Win32
		{81A53064-5F68-4729-A3E0-DA927BFF5ABD}.Debug|x86.Build.0 = Debug|Win32
		{81A53064-5F68-4729-A3E0-DA927BFF5ABD}.Release|x64.ActiveCfg = Release|x64
		{81A53064-5F68-4729-A3E0-DA927BFF5ABD}.Release|x64.Build.0 = Release|x64
		{81A53064-5F68-4729-A3E0-DA927BFF5ABD}.Release|x86.ActiveCfg = Release|Win32
		{81A53064-5F68-4729-A3E0-DA927BFF5ABD}.Release|x86.Build.0 = Release|Win32
		{68512969-47B5-47FD-A272-01DF37DD165A}.Debug|x64.ActiveCfg = Debug|x64
		{68512969-47B5-47FD-A272-01DF37DD165A}.Debug|x64.Build.0 = Debug|x64
		{68512969-47B5-47FD-A272-01DF37DD165A}.Debug|x86.ActiveCfg = Debug|Win32
		{68512969-47B5-47FD-A272-01DF37DD165A}.Debug|x86.Build.0 = Debug|Win32
		{68512969-47B5-47FD-A272-01DF37DD165A}.Release|x64.ActiveCfg = Release|x64
		{68512969-47B5-47FD-A272-01DF37DD165A}.Release|x64.Build.0 = Release|x64
		{68512969-47B5-47FD-A272-01DF37DD165A}.Release|x86.ActiveCfg = Release|Win32
		{68512969-47B5-47FD-A272-01DF37DD165A}.Release|x86.Build.0 = Release|Win32
		{6BC516BC-AD19-4684-8484-AF20A1721E18}.Debug|x64.ActiveCfg = Debug|x64
		{6BC516BC-AD19-4684-8484-AF20A1721E18}.Debug|x64.Build.0 = Debug|x64
		{6BC516BC-AD19-4684-8484-AF20A1721E18}.Debug|x86.ActiveCfg = Debug|Win32
		{6BC516BC-AD19-4684-8484-AF20A1721E18}.Debug|x86.Build.0 = Debug|Win32
		{6BC516BC-AD19-4684-8484-AF20A1721E18}.Release|x64.ActiveCfg = Release|x64
		{6BC516BC-AD19-4684-8484-AF20A1721E18}.Release|x64.Build.0 = Release|x64
		{6BC516BC-AD19-4684-8484-AF20A1721E18}.Release|x86.ActiveCfg = Release|Win32
		{6BC516BC-AD19-4684-8484-AF20A1721E18}.Release|x86.Build.0 = Release|Win32
		{DC938611-2455-4FF8-A292-EB3CD13B4585}.Debug|x64.ActiveCfg = Debug|x64
		{DC938611-2455-4FF8-A292-EB3CD13B4585}.Debug|x64.Build.0 = Debug|x64
		{DC938611-2455-4FF8-A292-EB3CD13B4585}.Debug|x86.ActiveCfg = Debug|Win32
		{DC938611-2455-4FF8-A292-EB3CD13B4585}.Debug|x86.Build.0 = Debug|Win32
		{DC938611-2455-4FF8-A292-EB3CD13B4585}.Release|x64.ActiveCfg = Release|x64
		{DC938611-2455-4FF8-A292-EB3CD13B4585}.Release|x64.Build.0 = Release|x64
		{DC938611-2455-4FF8-A292-EB3CD13B4585}.Release|x86.ActiveCfg = Release|Win32
		{DC938611-2455-4FF8-A292-EB3CD13B4585}.Release|x86.Build.0 = Release|Win32
		{F1EA62F2-04FF-4A2C-B190-19CFB6FE3422}.Debug|x64.ActiveCfg = Debug|x64
		{F1EA62F2-04FF-4A2C-B190-19CFB6FE3422}.Debug|x64.Build.0 = Debug|x64
		{F1EA62F2-04FF-4A2C-B190-19CFB6FE3422}.Debug|x86.ActiveCfg = Debug|Win32
		{F1EA62F2-04FF-4A2C-B190-19CFB6FE3422}.Debug|x86.Build.0 = Debug|Win32
		{F1EA62F2-04FF-4A2C-B190-19CFB6FE3422}.Release|x64.ActiveCfg = Release|x64
		{F1EA62F2-04FF-4A2C-B190-19CFB6FE3422}.Release|x64.Build.0 = Release|x64
		{F1EA62F2-04FF-4A2C-B190-19CFB6FE3422}.Release|x86.ActiveCfg = Release|Win32
		{F1EA62F2-04FF-4A2C-B190-19CFB6FE3422}.Release|x86.Build.0 = Release|Win32
		{A534185E-CF55-46D8-96E4-8A93E410EB72}.Debug|x64.ActiveCfg = Debug|x64
		{A534185E-CF55-46D8-96E4-8A93E410EB72}.Debug|x64.Build.0 = Debug|x64
		{A534185E-CF55-46D8-96E4-8A93E410EB72}.Debug|x86.ActiveCfg = Debug|Win32
		{A534185E-CF55-46D8-96E4-8A93E410EB72}.Debug|x86.Build.0 = Debug|Win32
		{A534185E-CF55-46D8-96E4-8A93E410EB72}.Release|x64.ActiveCfg = Release|x64
		{A534185E-CF55-46D8-96E4-8A93E410EB72}.Release|x64.Build.0 = Release|x64
		{A534185E-CF55-46D8-96E4-8A93E410EB72}.Release|x86.ActiveCfg = Release|Win32
		{A534185E-CF55-46D8-96E4-8A93E410EB72}.Release|x86.Build.0 = Release|Win32
		{0D8A82E4-7818-4745-B3C8-C93C16245BB5}.Debug|x64.ActiveCfg = Debug|x64
		{0D8A82E4-7818-4745-B3C8-C93C16245BB5}.Debug|x64.Build.0 = Debug|x64
		{0D8A82E4-7818-4745-B3C8-C93C16245BB5}.Debug|x86.ActiveCfg = Debug|Win32
		{0D8A82E4-7818-4745-B3C8-C93C16245BB5}.Debug|x86.Build.0 = Debug|Win32
		{0D8A82E4-7818-4745-B3C8-C93C16245BB5}.Release|x64.ActiveCfg = Release|x64
		{0D8A82E4-7818-4745-B3C8-C93C16245BB5}.Release|x64.Build.0 = Release|x64
		{0D8A82E4-7818-4745-B3C8-C93C16245BB5}.Release|x86.ActiveCfg = Release|Win32
		{0D8A82E4-7818-4745-B3C8-C93C16245BB5}.Release|x86.Build.0 = Release|Win32
		{6D3D079F-3387-4E8C-B3F0-7A898A6726D1}.Debug|x64.ActiveCfg = Debug|x64
		{6D3D079F-3387-4E8C-B3F0-7A898A6726D1}.Debug|x64.Build.0 = Debug|x64
		{6D3D079F-3387-4E8C-B3F0-7A898A6726D1}.Debug|x86.ActiveCfg = Debug|Win32
		{6D3D079F-3387-4E8C-B3F0-7A898A6726D1}.Debug|x86.Build.0 = Debug|Win32
		{6D3D079F-3387-4E8C-B3F0-7A898A6726D1}.Release|x64.ActiveCfg = Release|x64
		{6D3D079F-3387-4E8C-B3F0-7A898A6726D1}.Release|x64.Build.0 = Release|x64
		{6D3D079F-3387-4E8C-B3F0-7A898A6726D1}.Release|x86.ActiveCfg = Release|Win32
		{6D3D079F-3387-4E8C-B3F0-7A898A6726D1}.Release|x86.Build.0 = Release|Win32
		{17E798D3-4158-4737-B722-5400C36D8968}.Debug|x64.ActiveCfg = Debug|x64
		{17E798D3-4158-4737-B722-5400C36D8968}.Debug|x64.Build.0 = Debug|x64
		{17E798D3-4158-4737-B722-5400C36D8968}.Debug|x86.ActiveCfg = Debug|Win32
		{17E798D3-4158-4737-B722-5400C36D8968}.Debug|x86.Build.0 = Debug|Win32
		{17E798D3-4158-4737-B722-5400C36D8968}.Release|x64.ActiveCfg = Release|x64
		{17E798D3-4158-4737-B722-5400C36D8968}.Release|x64.Build.0 = Release|x64
		{17E798D3-4158-4737-B722-5400C36D8968}.Release|x86.ActiveCfg = Release|Win32
		{17E798D3-4158-4737-B722-5400C36D8968}.Release|x86.Build.0 = Release|Win32
		{3DD39E92-E011-4E0B-BCBB-39ACDBDABE67}.Debug|x64.ActiveCfg = Debug|x64
		{3DD39E92-E011-4E0B-BCBB-39ACDBDABE67}.Debug|x64.Build.0 = Debug|x64
		{3DD39E92-E011-4E0B-BCBB-39ACDBDABE67}.Debug|x86.ActiveCfg = Debug|Win32
		{3DD39E92-E011-4E0B-BCBB-39ACDBDABE67}.Debug|x86.Build.0 = Debug|Win32
		{3DD39E92-E011-4E0B-BCBB-39ACDBDABE67}.Release|x64.ActiveCfg = Release|x64
		{3DD39E92-E011-4E0B-BCBB-39ACDBDABE67}.Release|x64.Build.0 = Release|x64
		{3DD39E92-E011-4E0B-BCBB-39ACDBDABE67}.Release|x86.ActiveCfg = Release|Win32
		{3DD39E92-E011-4E0B-BCBB-39ACDBDABE67}.Release|x86.Build.0 = Release|Win32
		{3137390F-522D-438C-AC36-4EBC98F7A939}.Debug|x64.ActiveCfg = Debug|x64
		{3137390F-522D-438C-AC36-4EBC98F7A939}.Debug|x64.Build.0 = Debug|x64
		{3137390F-522D-438C-AC36-4EBC98F7A939}.Debug|x86.ActiveCfg = Debug|Win32
		{3137390F-522D-438C-AC36-4EBC98F7A939}.Debug|x86.Build.0 = Debug|Win32
		{3137390F-522D-438C-AC36-4EBC98F7A939}.Release|x64.ActiveCfg = Release|x64
		{3137390F-522D-438C-AC36-4EBC98F7A939}.Release|x64.Build.0 = Release|x64
		{3137390F-522D-438C-AC36-4EBC98F7A939}.Release|x86.ActiveCfg = Release|Win32
		{3137390F-522D-438C-AC36-4EBC98F7A939}.Release|x86.Build.0 = Release|Win32
		{B47A1E69-86A1-451D-B264-1509C4730D76}.Debug|x64.ActiveCfg = Debug|x64
		{B47A1E69-86A1-451D-B264-1509C4730D76}.Debug|x64.Build.0 = Debug|x64
		{B47A1E69-86A1-451D-B264-1509C4730D76}.Debug|x86.ActiveCfg = Debug|Win32
		{B47A1E69-86A1-451D-B264-1509C4730D76}.Debug|x86.Build.0 = Debug|Win32
		{B47A1E69-86A1-451D-B264-1509C4730D76}.Release|x64.ActiveCfg = Release|x64
		{B47A1E69-86A1-451D-B264-1509C4730D76}.Release|x64.Build.0 = Release|x64
		{B47A1E69-86A1-451D-B264-1509C4730D76}.Release|x86.ActiveCfg = Release|Win32
		{B47A1E69-86A1-451D-B264-1509C4730D76}.Release|x86.Build.0 = Release|Win32
		{DB8816EC-E2E2-4BE4-BFEF-7E2856B56F4F}.Debug|x64.ActiveCfg = Debug|x64
		{DB8816EC-E2E2-4BE4-BFEF-7E2856B56F4F}.Debug|x64.Build.0 = Debug|x64
		{DB8816EC-E2E2-4BE4-BFEF-7E2856B56F4F}.Debug|x86.ActiveCfg = Debug|Win32
		{DB8816EC-E2E2-4BE4-BFEF-7E2856B56F4F}.Debug|x86.Build.0 = Debug|Win32
		{DB8816EC-E2E2-4BE4-BFEF-7E2856B56F4F}.Release|x64.ActiveCfg = Release|x64
		{DB8816EC-E2E2-4BE4-BFEF-7E2856B56F4F}.Release|x64.Build.0 = Release|x64
		{DB8816EC-E2E2-4BE4-BFEF-7E2856B56F4F}.Release|x86.ActiveCfg = Release|Win32
		{DB8816EC-E2E2-4BE4-BFEF-7E2856B56F4F}.Release|x86.Build.0 = Release|Win32
		{25223D18-D885-4D48-83EF-71D37C880244}.Debug|x64.ActiveCfg = Debug|x64
		{25223D18-D885-4D48-83EF-71D37C880244}.Debug|x64.Build.0 = Debug|x64
		{25223D18-D885-4D48-83EF-71D37C880244}.Debug|x86.ActiveCfg = Debug|Win32
		{25223D18-D885-4D48-83EF-71D37C880244}.Debug|x86.Build.0 = Debug|Win32
		{25223D18-D885-4D48-83EF-71D37C880244}.Release|x64.ActiveCfg = Release|x64
		{25223D18-D885-4D48-83EF-71D37C880244}.Release|x64.Build.0 = Release|x64
		{25223D18-D885-4D48-83EF-71D37C880244}.Release|x86.ActiveCfg = Release|Win32
		{25223D18-D885-4D48-83EF-71D37C880244}.Release|x86.Build.0 = Release|Win32
		{32412BBD-BC6A-4228-BBE1-3C3039066FB2}.Debug|x64.ActiveCfg = Debug|x64
		{32412BBD-BC6A-4228-BBE1-3C3039066FB2}.Debug|x64.Build.0 = Debug|x64
		{32412BBD-BC6A-4228-BBE1-3C3039066FB2}.Debug|x86.ActiveCfg = Debug|Win32
		{32412BBD-BC6A-4228-BBE1-3C3039066FB2}.Debug|x86.Build.0 = Debug|Win32
		{32412BBD-BC6A-4228-BBE1-3C3039066FB2}.Release|x64.ActiveCfg = Release|x64
		{32412BBD-BC6A-4228-BBE1-3C3039066FB2}.Release|x64.Build.0 = Release|x64
		{32412BBD-BC6A-4228-BBE1-3C3039066FB2}.Release|x86.ActiveCfg = Release|Win32
		{32412BBD-BC6A-4228-BBE1-3C3039066FB2}.Release|x86.Build.0 = Release|Win32
		{B59571A9-5E16-4ABD-B751-B0959C55FF4F}.Debug|x64.ActiveCfg = Debug|x64
		{B59571A9-5E16-4ABD-B751-B0959C55FF4F}.Debug|x64.Build.0 = Debug|x64
		{B59571A9-5E16-4ABD-B751-B0959C55FF4F}.Debug|x86.ActiveCfg = Debug|Win32
		{B59571A9-5E16-4ABD-B751-B0959C55FF4F}.Debug|x86.Build.0 = Debug|Win32
		{B59571A9-5E16-4ABD-B751-B0959C55FF4F}.Release|x64.ActiveCfg = Release|x64
		{B59571A9-5E16-4ABD-B751-B0959C55FF4F}.Release|x64.Build.0 = Release|x64
		{B59571A9-5E16-4ABD-B751-B0959C55FF4F}.Release|x86.ActiveCfg = Release|Win32
		{B59571A9-5E16-4ABD-B751-B0959C55FF4F}.Release|x86.Build.0 = Release|Win32
		{C2D6EB1B-006D-44BA-AC37-279DDD9E3198}.Debug|x64.ActiveCfg = Debug|x64
		{C2D6EB1B-006D-44BA-AC37-279DDD9E3198}.Debug|x64.Build.0 = Debug|x64
		{C2D6EB1B-006D-44BA-AC37-279DDD9E3198}.Debug|x86.ActiveCfg = Debug|Win32
		{C2D6EB1B-006D-44BA-AC37-279DDD9E3198}.Debug|x86.Build.0 = Debug|Win32
		{C2D6EB1B-006D-44BA-AC37-279DDD9E3198}.Release|x64.ActiveCfg = Release|x64
		{C2D6EB1B-006D-44BA-AC37-279DDD9E3198}.Release|x64.Build.0 = Release|x64
		{C2D6EB1B-006D-44BA-AC37-279DDD9E3198}.Release|x86.ActiveCfg = Release|Win32
		{C2D6EB1B-006D-44BA-AC37-279DDD9E3198}.Release|x86.Build.0 = Release|Win32
		{F84416B4-5086-4F8B-A903-5B7E5FF746A1}.Debug|x64.ActiveCfg = Debug|x64
		{F84416B4-5086-4F8B-A903-5B7E5FF746A1}.Debug|x64.Build.0 = Debug|x64
		{F84416B4-5086-4F8B-A903-5B7E5FF746A1}.Debug|x86.ActiveCfg = Debug|Win32
		{F84416B4-5086-4F8B-A903-5B7E5FF746A1}.Debug|x86.Build.0 = Debug|Win32
		{F84416B4-5086-4F8B-A903-5B7E5FF746A1}.Release|x64.ActiveCfg = Release|x64
		{F84416B4-5086-4F8B-A903-5B7E5FF746A1}.Release|x64.Build.0 = Release|x64
		{F84416B4-5086-4F8B-A903-5B7E5FF746A1}.Release|x86.ActiveCfg = Release|Win32
		{F84416B4-5086-4F8B-A903-5B7E5FF746A1}.Release|x86.Build.0 = Release|Win32
		{41EBC1F3-A044-462B-978B-B061DCC97ECF}.Debug|x64.ActiveCfg = Debug|x64
		{41EBC1F3-A044-462B-978B-B061DCC97ECF}.Debug|x64.Build.0 = Debug|x64
		{41EBC1F3-A044-462B-978B-B061DCC97ECF}.Debug|x86.ActiveCfg = Debug|Win32
		{41EBC1F3-A044-462B-978B-B061DCC97ECF}.Debug|x86.Build.0 = Debug|Win32
		{41EBC1F3-A044-462B-978B-B061DCC97ECF}.Release|x64.ActiveCfg = Release|x64
		{41EBC1F3-A044-462B-978B-B061DCC97ECF}.Release|x64.Build.0 = Release|x64
		{41EBC1F3-A044-462B-978B-B061DCC97ECF}.Release|x86.ActiveCfg = Release|Win32
		{41EBC1F3-A044-462B-978B-B061DCC97ECF}.Release|x86.Build.0 = Release|Win32
		{0456D293-51F5-4397-A853-1118DF51E4AA}.Debug|x64.ActiveCfg = Debug|x64
		{0456D293-51F5-4397-A853-1118DF51E4AA}.Debug|x64.Build.0 = Debug|x64
		{0456D293-51F5-4397-A853-1118DF51E4AA}.Debug|x86.ActiveCfg = Debug|Win32
		{0456D293-51F5-4397-A853-1118DF51E4AA}.Debug|x86.Build.0 = Debug|Win32
		{0456D293-51F5-4397-A853-1118DF51E4AA}.Release|x64.ActiveCfg = Release|x64
		{0456D293-51F5-4397-A853-1118DF51E4AA}.Release|x64.Build.0 = Release|x64
		{0456D293-51F5-4397-A853-1118DF51E4AA}.Release|x86.ActiveCfg = Release|Win32
		{0456D293-51F5-4397-A853-1118DF51E4AA}.Release|x86.Build.0 = Release|Win32
		{95F2A36B-2E06-424C-94C0-3438FDC1CCD6}.Debug|x64.ActiveCfg = Debug|x64
		{95F2A36B-2E06-424C-94C0-3438FDC1CCD6}.Debug|x64.Build.0 = Debug|x64
		{95F2A36B-2E06-424C-94C0-3438FDC1CCD6}.Debug|x86.ActiveCfg = Debug|Win32
		{95F2A36B-2E06-424C-94C0-3438FDC1CCD6}.Debug|x86.Build.0 = Debug|Win32
		{95F2A36B-2E06-424C-94C0-3438FDC1CCD6}.Release|x64.ActiveCfg = Release|x64
		{95F2A36B-2E06-424C-94C0-3438FDC1CCD6}.Release|x64.Build.0 = Release|x64
		{95F2A36B-2E06-424C-94C0-3438FDC1CCD6}.Release|x86.ActiveCfg = Release|Win32
		{95F2A36B-2E06-424C-94C0-3438FDC1CCD6}.Release|x86.Build.0 = Release|Win32
		{364642DF-C5FE-4240-AC02-181B43A805A5}.Debug|x64.ActiveCfg = Debug|x64
		{364642DF-C5FE-4240-AC02-181B43A805A5}.Debug|x64.Build.0 = Debug|x64
		{364642DF-C5FE-4240-AC02-181B43A805A5}.Debug|x86.ActiveCfg = Debug|Win32
		{364642DF-C5FE-4240-AC02-181B43A805A5}.Debug|x86.Build.0 = Debug|Win32
		{364642DF-C5FE-4240-AC02-181B43A805A5}.Release|x64.ActiveCfg = Release|x64
		{364642DF-C5FE-4240-AC02-181B43A805A5}.Release|x64.Build.0 = Release|x64
		{364642DF-C5FE-4240-AC02-181B43A805A5}.Release|x86.ActiveCfg = Release|Win32
		{364642DF-C5FE-4240-AC02-181B43A805A5}.Release|x86.Build.0 = Release|Win32
	EndGlobalSection
	GlobalSection(SolutionProperties) = preSolution
		HideSolutionNode = FALSE
	EndGlobalSection
	GlobalSection(NestedProjects) = preSolution
		{D640689C-2FAD-409E-A395-FA289614CE38} = {DB3332B5-E334-4425-BC0F-ADC500380961}
		{36FBD80D-E105-47AE-A0E4-A84C4812383F} = {DB3332B5-E334-4425-BC0F-ADC500380961}
		{D3F79ED4-B2C5-4CA7-B3A1-56C08EDEC731} = {DB3332B5-E334-4425-BC0F-ADC500380961}
		{DCC9EC30-28C2-4CBE-82ED-95B716D45B19} = {DB3332B5-E334-4425-BC0F-ADC500380961}
		{D4B983AB-1CD8-4102-A389-42A34EB862E6} = {DB3332B5-E334-4425-BC0F-ADC500380961}
		{A753ED46-8FA0-4CFA-8065-418FA52EEE75} = {DB3332B5-E334-4425-BC0F-ADC500380961}
		{7255DF33-E669-4960-B8E9-B84B9146EEDC} = {DB3332B5-E334-4425-BC0F-ADC500380961}
		{574B9ACC-FD1F-4647-8937-601995421BE9} = {DB3332B5-E334-4425-BC0F-ADC500380961}
		{73C5E619-C202-4136-ADCC-2A49E682CC73} = {DB3332B5-E334-4425-BC0F-ADC500380961}
		{0E6B0C68-8DA5-4F05-B2C7-2291FE867260} = {DB3332B5-E334-4425-BC0F-ADC500380961}
		{78DB3873-ACDA-4B15-BFE4-617DC70B6A3E} = {DB3332B5-E334-4425-BC0F-ADC500380961}
		{A3184157-461E-459C-9402-86908841F5B8} = {DB3332B5-E334-4425-BC0F-ADC500380961}
		{DC0B4875-6EDC-4A99-97CC-2DB5596247B8} = {DB3332B5-E334-4425-BC0F-ADC500380961}
		{61829209-A1C0-4E05-9353-01FAD5CF3A55} = {DB3332B5-E334-4425-BC0F-ADC500380961}
		{117D04ED-F7C7-4B1F-9081-7C96138540AD} = {DB3332B5-E334-4425-BC0F-ADC500380961}
		{6229ACBC-79D5-49BF-99F8-5C10BB28D05B} = {DB3332B5-E334-4425-BC0F-ADC500380961}
		{44D7EA19-9EDD-4E26-AEF7-A01C53F23AF1} = {DB3332B5-E334-4425-BC0F-ADC500380961}
		{D4B93A4E-7E7C-4093-8FD4-A498512059C7} = {DB3332B5-E334-4425-BC0F-ADC500380961}
		{2ACF54D5-FE91-41B3-AD11-7E97096ACFC5} = {DB3332B5-E334-4425-BC0F-ADC500380961}
		{0FCCCBFA-4969-42C4-BCEA-DDF5BD3C01AD} = {DB3332B5-E334-4425-BC0F-ADC500380961}
		{A6557175-EA69-4BE0-8CBD-99A1119F09A8} = {DB3332B5-E334-4425-BC0F-ADC500380961}
		{E166FA0C-19A8-414C-AE7F-9246168C4755} = {DB3332B5-E334-4425-BC0F-ADC500380961}
		{91D41F3F-73FD-4DAB-9A41-E06282F488D7} = {38BF7AF5-EA69-4690-A273-4D1514D1B872}
		{F030F557-9C8F-4B70-B77A-250EED48310C} = {38BF7AF5-EA69-4690-A273-4D1514D1B872}
		{8AD806C3-BE4E-45B6-ABEB-E055052FE8FD} = {38BF7AF5-EA69-4690-A273-4D1514D1B872}
		{90A99C57-F067-4379-AC2A-1EACDDBD8B9E} = {38BF7AF5-EA69-4690-A273-4D1514D1B872}
		{F3A3D414-5CE4-4B1E-B0A3-C34DDEE585D0} = {38BF7AF5-EA69-4690-A273-4D1514D1B872}
		{0205DF08-77C1-41F4-A9FE-7238D6C4E8CC} = {38BF7AF5-EA69-4690-A273-4D1514D1B872}
		{81A53064-5F68-4729-A3E0-DA927BFF5ABD} = {38BF7AF5-EA69-4690-A273-4D1514D1B872}
		{68512969-47B5-47FD-A272-01DF37DD165A} = {38BF7AF5-EA69-4690-A273-4D1514D1B872}
		{6BC516BC-AD19-4684-8484-AF20A1721E18} = {38BF7AF5-EA69-4690-A273-4D1514D1B872}
		{DC938611-2455-4FF8-A292-EB3CD13B4585} = {38BF7AF5-EA69-4690-A273-4D1514D1B872}
		{F1EA62F2-04FF-4A2C-B190-19CFB6FE3422} = {38BF7AF5-EA69-4690-A273-4D1514D1B872}
		{A534185E-CF55-46D8-96E4-8A93E410EB72} = {38BF7AF5-EA69-4690-A273-4D1514D1B872}
		{0D8A82E4-7818-4745-B3C8-C93C16245BB5} = {38BF7AF5-EA69-4690-A273-4D1514D1B872}
		{6D3D079F-3387-4E8C-B3F0-7A898A6726D1} = {38BF7AF5-EA69-4690-A273-4D1514D1B872}
		{17E798D3-4158-4737-B722-5400C36D8968} = {38BF7AF5-EA69-4690-A273-4D1514D1B872}
		{3DD39E92-E011-4E0B-BCBB-39ACDBDABE67} = {38BF7AF5-EA69-4690-A273-4D1514D1B872}
		{3137390F-522D-438C-AC36-4EBC98F7A939} = {9E9A0E70-81F4-44EB-8413-434001958112}
		{B47A1E69-86A1-451D-B264-1509C4730D76} = {9E9A0E70-81F4-44EB-8413-434001958112}
		{DB8816EC-E2E2-4BE4-BFEF-7E2856B56F4F} = {9E9A0E70-81F4-44EB-8413-434001958112}
		{25223D18-D885-4D48-83EF-71D37C880244} = {9E9A0E70-81F4-44EB-8413-434001958112}
		{32412BBD-BC6A-4228-BBE1-3C3039066FB2} = {9E9A0E70-81F4-44EB-8413-434001958112}
		{B59571A9-5E16-4ABD-B751-B0959C55FF4F} = {9E9A0E70-81F4-44EB-8413-434001958112}
		{C2D6EB1B-006D-44BA-AC37-279DDD9E3198} = {9E9A0E70-81F4-44EB-8413-434001958112}
		{F84416B4-5086-4F8B-A903-5B7E5FF746A1} = {9E9A0E70-81F4-44EB-8413-434001958112}
		{41EBC1F3-A044-462B-978B-B061DCC97ECF} = {9E9A0E70-81F4-44EB-8413-434001958112}
		{0456D293-51F5-4397-A853-1118DF51E4AA} = {9E9A0E70-81F4-44EB-8413-434001958112}
		{95F2A36B-2E06-424C-94C0-3438FDC1CCD6} = {9E9A0E70-81F4-44EB-8413-434001958112}
		{364642DF-C5FE-4240-AC02-181B43A805A5} = {9E9A0E70-81F4-44EB-8413-434001958112}
	EndGlobalSection
	GlobalSection(ExtensibilityGlobals) = postSolution
		SolutionGuid = {13490746-FCB6-4111-B755-9A2498DB63D0}
	EndGlobalSection
EndGlobal
