
Microsoft Visual Studio Solution File, Format Version 12.00
# Visual Studio Version 17
VisualStudioVersion = 17.6.33815.320
MinimumVisualStudioVersion = 10.0.40219.1
Project("{8BC9CEB8-8B4A-11D0-8D11-00A0C91BC942}") = "이것이 취업을 위한 코딩테스트다", "이것이 취업을 위한 코딩테스트다\이것이 취업을 위한 코딩테스트다.vcxproj", "{B6904809-0C26-48A5-9E9A-051E724E6409}"
EndProject
Project("{2150E333-8FDC-42A3-9474-1A3956D46DE8}") = "00 그리디", "00 그리디", "{E5F553F7-BD36-4C2D-A2F5-870568B03CCE}"
EndProject
Project("{8BC9CEB8-8B4A-11D0-8D11-00A0C91BC942}") = "00 거스름돈", "00 거스름돈\00 거스름돈.vcxproj", "{3A2109B8-6F28-45DF-AA07-24B47D8B4ACD}"
EndProject
Project("{8BC9CEB8-8B4A-11D0-8D11-00A0C91BC942}") = "01 큰 수의 법칙", "01 큰 수의 법칙\01 큰 수의 법칙.vcxproj", "{A8F0C8CF-4CB2-476D-8B3D-77B992AAE84A}"
EndProject
Project("{8BC9CEB8-8B4A-11D0-8D11-00A0C91BC942}") = "02 숫자 카드 게임", "02 숫자 카드 게임\02 숫자 카드 게임.vcxproj", "{1AD6627A-1A82-4E59-978D-202C7FA4BB2B}"
EndProject
Project("{8BC9CEB8-8B4A-11D0-8D11-00A0C91BC942}") = "03 1이 될 때까지", "03 1이 될 때까지\03 1이 될 때까지.vcxproj", "{83852F2F-CF05-428E-8D0C-E2DBB94CC3EE}"
EndProject
Project("{2150E333-8FDC-42A3-9474-1A3956D46DE8}") = "01 구현", "01 구현", "{025C233C-815D-4A8D-AEDB-5AD55A11CC34}"
EndProject
Project("{8BC9CEB8-8B4A-11D0-8D11-00A0C91BC942}") = "00 상하좌우", "00 상하좌우\00 상하좌우.vcxproj", "{767423A6-9E36-4D8D-A82C-3632659C4DF3}"
EndProject
Project("{8BC9CEB8-8B4A-11D0-8D11-00A0C91BC942}") = "01 시각", "01 시각\01 시각.vcxproj", "{29FA5ACF-B4A5-431B-BAF3-3C9BF83BA992}"
EndProject
Project("{8BC9CEB8-8B4A-11D0-8D11-00A0C91BC942}") = "02 왕실의 나이트", "02 왕실의 나이트\02 왕실의 나이트.vcxproj", "{73091893-3FC0-471E-AE16-7E44B8619647}"
EndProject
Project("{8BC9CEB8-8B4A-11D0-8D11-00A0C91BC942}") = "03 게임 개발", "03 게임 개발\03 게임 개발.vcxproj", "{0CC426CF-4EA0-494E-850D-4BB4CD837C02}"
EndProject
Global
	GlobalSection(SolutionConfigurationPlatforms) = preSolution
		Debug|x64 = Debug|x64
		Debug|x86 = Debug|x86
		Release|x64 = Release|x64
		Release|x86 = Release|x86
	EndGlobalSection
	GlobalSection(ProjectConfigurationPlatforms) = postSolution
		{B6904809-0C26-48A5-9E9A-051E724E6409}.Debug|x64.ActiveCfg = Debug|x64
		{B6904809-0C26-48A5-9E9A-051E724E6409}.Debug|x64.Build.0 = Debug|x64
		{B6904809-0C26-48A5-9E9A-051E724E6409}.Debug|x86.ActiveCfg = Debug|Win32
		{B6904809-0C26-48A5-9E9A-051E724E6409}.Debug|x86.Build.0 = Debug|Win32
		{B6904809-0C26-48A5-9E9A-051E724E6409}.Release|x64.ActiveCfg = Release|x64
		{B6904809-0C26-48A5-9E9A-051E724E6409}.Release|x64.Build.0 = Release|x64
		{B6904809-0C26-48A5-9E9A-051E724E6409}.Release|x86.ActiveCfg = Release|Win32
		{B6904809-0C26-48A5-9E9A-051E724E6409}.Release|x86.Build.0 = Release|Win32
		{3A2109B8-6F28-45DF-AA07-24B47D8B4ACD}.Debug|x64.ActiveCfg = Debug|x64
		{3A2109B8-6F28-45DF-AA07-24B47D8B4ACD}.Debug|x64.Build.0 = Debug|x64
		{3A2109B8-6F28-45DF-AA07-24B47D8B4ACD}.Debug|x86.ActiveCfg = Debug|Win32
		{3A2109B8-6F28-45DF-AA07-24B47D8B4ACD}.Debug|x86.Build.0 = Debug|Win32
		{3A2109B8-6F28-45DF-AA07-24B47D8B4ACD}.Release|x64.ActiveCfg = Release|x64
		{3A2109B8-6F28-45DF-AA07-24B47D8B4ACD}.Release|x64.Build.0 = Release|x64
		{3A2109B8-6F28-45DF-AA07-24B47D8B4ACD}.Release|x86.ActiveCfg = Release|Win32
		{3A2109B8-6F28-45DF-AA07-24B47D8B4ACD}.Release|x86.Build.0 = Release|Win32
		{A8F0C8CF-4CB2-476D-8B3D-77B992AAE84A}.Debug|x64.ActiveCfg = Debug|x64
		{A8F0C8CF-4CB2-476D-8B3D-77B992AAE84A}.Debug|x64.Build.0 = Debug|x64
		{A8F0C8CF-4CB2-476D-8B3D-77B992AAE84A}.Debug|x86.ActiveCfg = Debug|Win32
		{A8F0C8CF-4CB2-476D-8B3D-77B992AAE84A}.Debug|x86.Build.0 = Debug|Win32
		{A8F0C8CF-4CB2-476D-8B3D-77B992AAE84A}.Release|x64.ActiveCfg = Release|x64
		{A8F0C8CF-4CB2-476D-8B3D-77B992AAE84A}.Release|x64.Build.0 = Release|x64
		{A8F0C8CF-4CB2-476D-8B3D-77B992AAE84A}.Release|x86.ActiveCfg = Release|Win32
		{A8F0C8CF-4CB2-476D-8B3D-77B992AAE84A}.Release|x86.Build.0 = Release|Win32
		{1AD6627A-1A82-4E59-978D-202C7FA4BB2B}.Debug|x64.ActiveCfg = Debug|x64
		{1AD6627A-1A82-4E59-978D-202C7FA4BB2B}.Debug|x64.Build.0 = Debug|x64
		{1AD6627A-1A82-4E59-978D-202C7FA4BB2B}.Debug|x86.ActiveCfg = Debug|Win32
		{1AD6627A-1A82-4E59-978D-202C7FA4BB2B}.Debug|x86.Build.0 = Debug|Win32
		{1AD6627A-1A82-4E59-978D-202C7FA4BB2B}.Release|x64.ActiveCfg = Release|x64
		{1AD6627A-1A82-4E59-978D-202C7FA4BB2B}.Release|x64.Build.0 = Release|x64
		{1AD6627A-1A82-4E59-978D-202C7FA4BB2B}.Release|x86.ActiveCfg = Release|Win32
		{1AD6627A-1A82-4E59-978D-202C7FA4BB2B}.Release|x86.Build.0 = Release|Win32
		{83852F2F-CF05-428E-8D0C-E2DBB94CC3EE}.Debug|x64.ActiveCfg = Debug|x64
		{83852F2F-CF05-428E-8D0C-E2DBB94CC3EE}.Debug|x64.Build.0 = Debug|x64
		{83852F2F-CF05-428E-8D0C-E2DBB94CC3EE}.Debug|x86.ActiveCfg = Debug|Win32
		{83852F2F-CF05-428E-8D0C-E2DBB94CC3EE}.Debug|x86.Build.0 = Debug|Win32
		{83852F2F-CF05-428E-8D0C-E2DBB94CC3EE}.Release|x64.ActiveCfg = Release|x64
		{83852F2F-CF05-428E-8D0C-E2DBB94CC3EE}.Release|x64.Build.0 = Release|x64
		{83852F2F-CF05-428E-8D0C-E2DBB94CC3EE}.Release|x86.ActiveCfg = Release|Win32
		{83852F2F-CF05-428E-8D0C-E2DBB94CC3EE}.Release|x86.Build.0 = Release|Win32
		{767423A6-9E36-4D8D-A82C-3632659C4DF3}.Debug|x64.ActiveCfg = Debug|x64
		{767423A6-9E36-4D8D-A82C-3632659C4DF3}.Debug|x64.Build.0 = Debug|x64
		{767423A6-9E36-4D8D-A82C-3632659C4DF3}.Debug|x86.ActiveCfg = Debug|Win32
		{767423A6-9E36-4D8D-A82C-3632659C4DF3}.Debug|x86.Build.0 = Debug|Win32
		{767423A6-9E36-4D8D-A82C-3632659C4DF3}.Release|x64.ActiveCfg = Release|x64
		{767423A6-9E36-4D8D-A82C-3632659C4DF3}.Release|x64.Build.0 = Release|x64
		{767423A6-9E36-4D8D-A82C-3632659C4DF3}.Release|x86.ActiveCfg = Release|Win32
		{767423A6-9E36-4D8D-A82C-3632659C4DF3}.Release|x86.Build.0 = Release|Win32
		{29FA5ACF-B4A5-431B-BAF3-3C9BF83BA992}.Debug|x64.ActiveCfg = Debug|x64
		{29FA5ACF-B4A5-431B-BAF3-3C9BF83BA992}.Debug|x64.Build.0 = Debug|x64
		{29FA5ACF-B4A5-431B-BAF3-3C9BF83BA992}.Debug|x86.ActiveCfg = Debug|Win32
		{29FA5ACF-B4A5-431B-BAF3-3C9BF83BA992}.Debug|x86.Build.0 = Debug|Win32
		{29FA5ACF-B4A5-431B-BAF3-3C9BF83BA992}.Release|x64.ActiveCfg = Release|x64
		{29FA5ACF-B4A5-431B-BAF3-3C9BF83BA992}.Release|x64.Build.0 = Release|x64
		{29FA5ACF-B4A5-431B-BAF3-3C9BF83BA992}.Release|x86.ActiveCfg = Release|Win32
		{29FA5ACF-B4A5-431B-BAF3-3C9BF83BA992}.Release|x86.Build.0 = Release|Win32
		{73091893-3FC0-471E-AE16-7E44B8619647}.Debug|x64.ActiveCfg = Debug|x64
		{73091893-3FC0-471E-AE16-7E44B8619647}.Debug|x64.Build.0 = Debug|x64
		{73091893-3FC0-471E-AE16-7E44B8619647}.Debug|x86.ActiveCfg = Debug|Win32
		{73091893-3FC0-471E-AE16-7E44B8619647}.Debug|x86.Build.0 = Debug|Win32
		{73091893-3FC0-471E-AE16-7E44B8619647}.Release|x64.ActiveCfg = Release|x64
		{73091893-3FC0-471E-AE16-7E44B8619647}.Release|x64.Build.0 = Release|x64
		{73091893-3FC0-471E-AE16-7E44B8619647}.Release|x86.ActiveCfg = Release|Win32
		{73091893-3FC0-471E-AE16-7E44B8619647}.Release|x86.Build.0 = Release|Win32
		{0CC426CF-4EA0-494E-850D-4BB4CD837C02}.Debug|x64.ActiveCfg = Debug|x64
		{0CC426CF-4EA0-494E-850D-4BB4CD837C02}.Debug|x64.Build.0 = Debug|x64
		{0CC426CF-4EA0-494E-850D-4BB4CD837C02}.Debug|x86.ActiveCfg = Debug|Win32
		{0CC426CF-4EA0-494E-850D-4BB4CD837C02}.Debug|x86.Build.0 = Debug|Win32
		{0CC426CF-4EA0-494E-850D-4BB4CD837C02}.Release|x64.ActiveCfg = Release|x64
		{0CC426CF-4EA0-494E-850D-4BB4CD837C02}.Release|x64.Build.0 = Release|x64
		{0CC426CF-4EA0-494E-850D-4BB4CD837C02}.Release|x86.ActiveCfg = Release|Win32
		{0CC426CF-4EA0-494E-850D-4BB4CD837C02}.Release|x86.Build.0 = Release|Win32
	EndGlobalSection
	GlobalSection(SolutionProperties) = preSolution
		HideSolutionNode = FALSE
	EndGlobalSection
	GlobalSection(NestedProjects) = preSolution
		{3A2109B8-6F28-45DF-AA07-24B47D8B4ACD} = {E5F553F7-BD36-4C2D-A2F5-870568B03CCE}
		{A8F0C8CF-4CB2-476D-8B3D-77B992AAE84A} = {E5F553F7-BD36-4C2D-A2F5-870568B03CCE}
		{1AD6627A-1A82-4E59-978D-202C7FA4BB2B} = {E5F553F7-BD36-4C2D-A2F5-870568B03CCE}
		{83852F2F-CF05-428E-8D0C-E2DBB94CC3EE} = {E5F553F7-BD36-4C2D-A2F5-870568B03CCE}
		{767423A6-9E36-4D8D-A82C-3632659C4DF3} = {025C233C-815D-4A8D-AEDB-5AD55A11CC34}
		{29FA5ACF-B4A5-431B-BAF3-3C9BF83BA992} = {025C233C-815D-4A8D-AEDB-5AD55A11CC34}
		{73091893-3FC0-471E-AE16-7E44B8619647} = {025C233C-815D-4A8D-AEDB-5AD55A11CC34}
		{0CC426CF-4EA0-494E-850D-4BB4CD837C02} = {025C233C-815D-4A8D-AEDB-5AD55A11CC34}
	EndGlobalSection
	GlobalSection(ExtensibilityGlobals) = postSolution
		SolutionGuid = {F9C604E1-CAFE-4412-B1AB-AC9D9C27BDFA}
	EndGlobalSection
EndGlobal
