
Microsoft Visual Studio Solution File, Format Version 12.00
# Visual Studio Version 17
VisualStudioVersion = 17.6.33723.286
MinimumVisualStudioVersion = 10.0.40219.1
Project("{2150E333-8FDC-42A3-9474-1A3956D46DE8}") = "03JUL23", "03JUL23", "{9D3A290F-2BAC-4809-ABE7-91C50E047E0B}"
EndProject
Project("{8BC9CEB8-8B4A-11D0-8D11-00A0C91BC942}") = "더 크게 합치기", "더 크게 합치기\더 크게 합치기.vcxproj", "{6D1053F7-F958-413F-8879-BD854CC4D28D}"
EndProject
Project("{8BC9CEB8-8B4A-11D0-8D11-00A0C91BC942}") = "두 수의 연산값 비교하기", "두 수의 연산값 비교하기\두 수의 연산값 비교하기.vcxproj", "{5E91EDA7-62D1-4287-840D-65E5B39C2368}"
EndProject
Project("{2150E333-8FDC-42A3-9474-1A3956D46DE8}") = "04JUL23", "04JUL23", "{26629BB7-959D-48E4-ABA5-0B12144E6FD2}"
EndProject
Project("{8BC9CEB8-8B4A-11D0-8D11-00A0C91BC942}") = "n의 배수", "n의 배수\n의 배수.vcxproj", "{9292C130-3916-4CDF-8661-54C6F02E45BC}"
EndProject
Project("{8BC9CEB8-8B4A-11D0-8D11-00A0C91BC942}") = "공배수", "공배수\공배수.vcxproj", "{1D49084F-55C6-4E7E-8912-7D38D6C4E89F}"
EndProject
Project("{8BC9CEB8-8B4A-11D0-8D11-00A0C91BC942}") = "홀짝에 따라 다른 값 반환하기", "홀짝에 따라 다른 값 반환하기\홀짝에 따라 다른 값 반환하기.vcxproj", "{90DB18B1-8342-4775-BBF6-D2249D01E8DE}"
EndProject
Project("{8BC9CEB8-8B4A-11D0-8D11-00A0C91BC942}") = "조건 문자열", "조건 문자열\조건 문자열.vcxproj", "{53AFD790-EA4A-45CB-8D80-F2DB7315986F}"
EndProject
Project("{8BC9CEB8-8B4A-11D0-8D11-00A0C91BC942}") = "flag에 따라 다른 값 반환하기", "flag에 따라 다른 값 반환하기\flag에 따라 다른 값 반환하기.vcxproj", "{D3C26EF1-2ABD-4A48-A90D-50C97A8489D4}"
EndProject
Project("{2150E333-8FDC-42A3-9474-1A3956D46DE8}") = "05JUL23", "05JUL23", "{7390B200-DB6A-4C60-B3FC-D540739A4894}"
EndProject
Project("{8BC9CEB8-8B4A-11D0-8D11-00A0C91BC942}") = "코드 처리하기", "코드 처리하기\코드 처리하기.vcxproj", "{AD6DFAFE-FE98-4ECD-89DB-09B1C35873D2}"
EndProject
Project("{8BC9CEB8-8B4A-11D0-8D11-00A0C91BC942}") = "등차수열의 특정한 항만 더하기", "등차수열의 특정한 항만 더하기\등차수열의 특정한 항만 더하기.vcxproj", "{1054B87F-2AD7-4A2B-ABF5-2FC1D5E4E548}"
EndProject
Project("{8BC9CEB8-8B4A-11D0-8D11-00A0C91BC942}") = "주사위 게임2", "주사위 게임2\주사위 게임2.vcxproj", "{41CE5F92-47D2-40A9-8763-603E3E85E917}"
EndProject
Project("{8BC9CEB8-8B4A-11D0-8D11-00A0C91BC942}") = "원소들의 곱과 합", "원소들의 곱과 합\원소들의 곱과 합.vcxproj", "{8551E586-243E-49E7-9F96-CF4770961537}"
EndProject
Project("{8BC9CEB8-8B4A-11D0-8D11-00A0C91BC942}") = "이어 붙인 수", "이어 붙인 수\이어 붙인 수.vcxproj", "{999DF1DF-1E46-4A7B-90F3-A9829E7CF43D}"
EndProject
Project("{2150E333-8FDC-42A3-9474-1A3956D46DE8}") = "06JUL23", "06JUL23", "{A1DFCFFA-6B0B-4859-89F6-56485536EAAC}"
EndProject
Project("{8BC9CEB8-8B4A-11D0-8D11-00A0C91BC942}") = "마지막 두 원소", "마지막 두 원소\마지막 두 원소.vcxproj", "{22425C5C-BBEE-4059-87FA-E747EEDEAB9A}"
EndProject
Project("{8BC9CEB8-8B4A-11D0-8D11-00A0C91BC942}") = "수 조작하기1", "수 조작하기1\수 조작하기1.vcxproj", "{E40FB30E-8733-48A1-8C7B-1DC26AD41543}"
EndProject
Project("{8BC9CEB8-8B4A-11D0-8D11-00A0C91BC942}") = "수 조작하기2", "수 조작하기2\수 조작하기2.vcxproj", "{FED265D9-35AC-47E7-B9CC-B7492F523841}"
EndProject
Project("{8BC9CEB8-8B4A-11D0-8D11-00A0C91BC942}") = "수열과 구간 쿼리3", "수열과 구간 쿼리3\수열과 구간 쿼리3.vcxproj", "{9488DB3A-D281-46E8-A3E6-6A39DCDBAA14}"
EndProject
Project("{8BC9CEB8-8B4A-11D0-8D11-00A0C91BC942}") = "수열과 구간 쿼리2", "수열과 구간 쿼리2\수열과 구간 쿼리2.vcxproj", "{CBE2A2DD-EB51-4F89-85EF-9F36579E7492}"
EndProject
Project("{2150E333-8FDC-42A3-9474-1A3956D46DE8}") = "07JUL23", "07JUL23", "{137855CB-E84E-4FA8-81D6-D2AE9957990D}"
EndProject
Project("{8BC9CEB8-8B4A-11D0-8D11-00A0C91BC942}") = "수열과 구간 쿼리4", "수열과 구간 쿼리4\수열과 구간 쿼리4.vcxproj", "{4978DF0A-E687-46FF-91F0-14F4D3C13285}"
EndProject
Project("{8BC9CEB8-8B4A-11D0-8D11-00A0C91BC942}") = "배열 만들기2", "배열 만들기2\배열 만들기2.vcxproj", "{F9151A61-3CA8-4D81-9169-4E2F034DB435}"
EndProject
Project("{8BC9CEB8-8B4A-11D0-8D11-00A0C91BC942}") = "카운트 업", "카운트 업\카운트 업.vcxproj", "{0915B1F4-FBAB-4307-9D9C-85C59A542F76}"
EndProject
Project("{8BC9CEB8-8B4A-11D0-8D11-00A0C91BC942}") = "콜라츠 수열 만들기", "콜라츠 수열 만들기\콜라츠 수열 만들기.vcxproj", "{6F2FBAF5-9635-4A80-8CEE-C5355D08CC24}"
EndProject
Project("{8BC9CEB8-8B4A-11D0-8D11-00A0C91BC942}") = "배열 만들기4", "배열 만들기4\배열 만들기4.vcxproj", "{428D8C38-82FD-4423-A4F3-98D6F56C67EC}"
EndProject
Project("{2150E333-8FDC-42A3-9474-1A3956D46DE8}") = "08JUL23", "08JUL23", "{B00ED9FD-004D-4B3A-931C-8A1958C21C78}"
EndProject
Project("{8BC9CEB8-8B4A-11D0-8D11-00A0C91BC942}") = "간단한 논리 연산", "간단한 논리 연산\간단한 논리 연산.vcxproj", "{321B4BEE-C778-44FA-A965-F7D8BBBE6733}"
EndProject
Project("{8BC9CEB8-8B4A-11D0-8D11-00A0C91BC942}") = "주사위 게임3", "주사위 게임3\주사위 게임3.vcxproj", "{A79AD6AE-D4E0-4B18-923D-71660F21022E}"
EndProject
Project("{8BC9CEB8-8B4A-11D0-8D11-00A0C91BC942}") = "글자 이어 붙여 문자열 만들기", "글자 이어 붙여 문자열 만들기\글자 이어 붙여 문자열 만들기.vcxproj", "{53A06289-3869-4D8C-8EE5-CC0806AF629B}"
EndProject
Project("{8BC9CEB8-8B4A-11D0-8D11-00A0C91BC942}") = "9로 나눈 나머지", "9로 나눈 나머지\9로 나눈 나머지.vcxproj", "{0BA72381-661F-4754-ADED-A81EF140E325}"
EndProject
Project("{8BC9CEB8-8B4A-11D0-8D11-00A0C91BC942}") = "문자열 여러 번 뒤집기", "문자열 여러 번 뒤집기\문자열 여러 번 뒤집기.vcxproj", "{4D88B3E2-5A9F-4D99-8D8E-202C61CF5363}"
EndProject
Project("{2150E333-8FDC-42A3-9474-1A3956D46DE8}") = "09JUL23", "09JUL23", "{A63E43DB-5359-4518-AC55-D93381239057}"
EndProject
Project("{8BC9CEB8-8B4A-11D0-8D11-00A0C91BC942}") = "배열 만들기5", "배열 만들기5\배열 만들기5.vcxproj", "{E38E81EF-73BB-4335-8AD2-352BD7B11917}"
EndProject
Project("{8BC9CEB8-8B4A-11D0-8D11-00A0C91BC942}") = "부분 문자열 이어 붙여 문자열 만들기", "부분 문자열 이어 붙여 문자열 만들기\부분 문자열 이어 붙여 문자열 만들기.vcxproj", "{3A969380-A072-4440-9071-6464A71DF2D6}"
EndProject
Project("{8BC9CEB8-8B4A-11D0-8D11-00A0C91BC942}") = "문자열의 뒤의 n글자", "문자열의 뒤의 n글자\문자열의 뒤의 n글자.vcxproj", "{3A432BA2-DFC7-49F1-8343-274715987FA1}"
EndProject
Project("{8BC9CEB8-8B4A-11D0-8D11-00A0C91BC942}") = "접미사 배열", "접미사 배열\접미사 배열.vcxproj", "{DC24151A-9B31-4061-9E46-095DD4662102}"
EndProject
Project("{8BC9CEB8-8B4A-11D0-8D11-00A0C91BC942}") = "접미사인지 확인하기", "접미사인지 확인하기\접미사인지 확인하기.vcxproj", "{7F3DCDCD-85A2-45B4-832B-5D10BA037493}"
EndProject
Project("{2150E333-8FDC-42A3-9474-1A3956D46DE8}") = "10JUL23", "10JUL23", "{3126621C-25A2-481D-BA4A-537A49F00664}"
EndProject
Project("{8BC9CEB8-8B4A-11D0-8D11-00A0C91BC942}") = "문자열의 앞의 n글자", "문자열의 앞의 n글자\문자열의 앞의 n글자.vcxproj", "{0D413B13-92D2-4854-86EF-F582BC6B8AA5}"
EndProject
Project("{8BC9CEB8-8B4A-11D0-8D11-00A0C91BC942}") = "접두사인지 확인하기", "접두사인지 확인하기\접두사인지 확인하기.vcxproj", "{C6F0408F-7C2C-4A3A-ADD4-F13126D211D0}"
EndProject
Project("{8BC9CEB8-8B4A-11D0-8D11-00A0C91BC942}") = "문자열 뒤집기", "문자열 뒤집기\문자열 뒤집기.vcxproj", "{C7958021-0A7E-4D29-8674-57EE01D22CEA}"
EndProject
Project("{8BC9CEB8-8B4A-11D0-8D11-00A0C91BC942}") = "세로 읽기", "세로 읽기\세로 읽기.vcxproj", "{E7B3C3BC-DD1D-48DF-869B-9471073FBAC7}"
EndProject
Project("{8BC9CEB8-8B4A-11D0-8D11-00A0C91BC942}") = "qr code", "qr code\qr code.vcxproj", "{AB48D279-A6F1-422C-90E8-4446B78F6D5D}"
EndProject
Project("{2150E333-8FDC-42A3-9474-1A3956D46DE8}") = "11JUL23", "11JUL23", "{9C581F63-5AEB-44AB-9F8F-DD169C6572FB}"
EndProject
Project("{8BC9CEB8-8B4A-11D0-8D11-00A0C91BC942}") = "문자 개수 세기", "문자 개수 세기\문자 개수 세기.vcxproj", "{798F36A1-4FEF-4847-B665-97343205952F}"
EndProject
Project("{8BC9CEB8-8B4A-11D0-8D11-00A0C91BC942}") = "배열 만들기1", "배열 만들기1\배열 만들기1.vcxproj", "{A1E5E5CA-18CF-41B8-887F-9FF1F5A681D2}"
EndProject
Project("{8BC9CEB8-8B4A-11D0-8D11-00A0C91BC942}") = "글자 지우기", "글자 지우기\글자 지우기.vcxproj", "{B7F10E05-0925-4331-AD22-44E9F10C1A18}"
EndProject
Project("{8BC9CEB8-8B4A-11D0-8D11-00A0C91BC942}") = "카운트 다운", "카운트 다운\카운트 다운.vcxproj", "{7D8C4BA4-ADCA-42DC-B7BE-4E9FD6EF8600}"
EndProject
Project("{8BC9CEB8-8B4A-11D0-8D11-00A0C91BC942}") = "가까운 1찾기", "가까운 1찾기\가까운 1찾기.vcxproj", "{8301BA60-B7B8-4F4E-BAC8-8D4F6E600D6B}"
EndProject
Project("{2150E333-8FDC-42A3-9474-1A3956D46DE8}") = "12JUL23", "12JUL23", "{7D49EB39-3A49-47C9-9B9B-CA55F6DA7465}"
EndProject
Project("{8BC9CEB8-8B4A-11D0-8D11-00A0C91BC942}") = "공백으로 구분하기1", "공백으로 구분하기1\공백으로 구분하기1.vcxproj", "{1079848D-3522-4066-8D39-8F73D2F8AF7F}"
EndProject
Project("{8BC9CEB8-8B4A-11D0-8D11-00A0C91BC942}") = "리스트 자르기", "리스트 자르기\리스트 자르기.vcxproj", "{95C5D0B2-8737-4F1A-87AF-B66DA90817EE}"
EndProject
Project("{8BC9CEB8-8B4A-11D0-8D11-00A0C91BC942}") = "첫 번째로 나오는 음수", "첫 번째로 나오는 음수\첫 번째로 나오는 음수.vcxproj", "{3D1E4C93-160C-4786-8844-36A411818B37}"
EndProject
Project("{8BC9CEB8-8B4A-11D0-8D11-00A0C91BC942}") = "배열 만들기3", "배열 만들기3\배열 만들기3.vcxproj", "{E7BA254B-CFA8-4E31-AB6F-7A033E57B748}"
EndProject
Project("{8BC9CEB8-8B4A-11D0-8D11-00A0C91BC942}") = "2의 영역", "2의 영역\2의 영역.vcxproj", "{01A4DEAD-F1E3-4AD9-8CD4-F5D43CE61D7D}"
EndProject
Project("{8BC9CEB8-8B4A-11D0-8D11-00A0C91BC942}") = "배열 조각하기", "배열 조각하기\배열 조각하기.vcxproj", "{353121D5-8C60-4FAC-B8CA-A13B1752DA19}"
EndProject
Project("{2150E333-8FDC-42A3-9474-1A3956D46DE8}") = "13JUL23", "13JUL23", "{C6E9782F-9B7C-42FD-B914-CD962117473A}"
EndProject
Project("{8BC9CEB8-8B4A-11D0-8D11-00A0C91BC942}") = "n 번째 원소부터", "n 번째 원소부터\n 번째 원소부터.vcxproj", "{D5630AF0-A096-418B-8923-E8AA60A85153}"
EndProject
Project("{8BC9CEB8-8B4A-11D0-8D11-00A0C91BC942}") = "순서 바꾸기", "순서 바꾸기\순서 바꾸기.vcxproj", "{362E88E6-9C5E-4F1C-9E61-A9FE49029732}"
EndProject
Project("{8BC9CEB8-8B4A-11D0-8D11-00A0C91BC942}") = "왼쪽 오른쪽", "왼쪽 오른쪽\왼쪽 오른쪽.vcxproj", "{13B01569-0317-4925-8FBF-949EDA88E3F6}"
EndProject
Global
	GlobalSection(SolutionConfigurationPlatforms) = preSolution
		Debug|x64 = Debug|x64
		Debug|x86 = Debug|x86
		Release|x64 = Release|x64
		Release|x86 = Release|x86
	EndGlobalSection
	GlobalSection(ProjectConfigurationPlatforms) = postSolution
		{6D1053F7-F958-413F-8879-BD854CC4D28D}.Debug|x64.ActiveCfg = Debug|x64
		{6D1053F7-F958-413F-8879-BD854CC4D28D}.Debug|x64.Build.0 = Debug|x64
		{6D1053F7-F958-413F-8879-BD854CC4D28D}.Debug|x86.ActiveCfg = Debug|Win32
		{6D1053F7-F958-413F-8879-BD854CC4D28D}.Debug|x86.Build.0 = Debug|Win32
		{6D1053F7-F958-413F-8879-BD854CC4D28D}.Release|x64.ActiveCfg = Release|x64
		{6D1053F7-F958-413F-8879-BD854CC4D28D}.Release|x64.Build.0 = Release|x64
		{6D1053F7-F958-413F-8879-BD854CC4D28D}.Release|x86.ActiveCfg = Release|Win32
		{6D1053F7-F958-413F-8879-BD854CC4D28D}.Release|x86.Build.0 = Release|Win32
		{5E91EDA7-62D1-4287-840D-65E5B39C2368}.Debug|x64.ActiveCfg = Debug|x64
		{5E91EDA7-62D1-4287-840D-65E5B39C2368}.Debug|x64.Build.0 = Debug|x64
		{5E91EDA7-62D1-4287-840D-65E5B39C2368}.Debug|x86.ActiveCfg = Debug|Win32
		{5E91EDA7-62D1-4287-840D-65E5B39C2368}.Debug|x86.Build.0 = Debug|Win32
		{5E91EDA7-62D1-4287-840D-65E5B39C2368}.Release|x64.ActiveCfg = Release|x64
		{5E91EDA7-62D1-4287-840D-65E5B39C2368}.Release|x64.Build.0 = Release|x64
		{5E91EDA7-62D1-4287-840D-65E5B39C2368}.Release|x86.ActiveCfg = Release|Win32
		{5E91EDA7-62D1-4287-840D-65E5B39C2368}.Release|x86.Build.0 = Release|Win32
		{9292C130-3916-4CDF-8661-54C6F02E45BC}.Debug|x64.ActiveCfg = Debug|x64
		{9292C130-3916-4CDF-8661-54C6F02E45BC}.Debug|x64.Build.0 = Debug|x64
		{9292C130-3916-4CDF-8661-54C6F02E45BC}.Debug|x86.ActiveCfg = Debug|Win32
		{9292C130-3916-4CDF-8661-54C6F02E45BC}.Debug|x86.Build.0 = Debug|Win32
		{9292C130-3916-4CDF-8661-54C6F02E45BC}.Release|x64.ActiveCfg = Release|x64
		{9292C130-3916-4CDF-8661-54C6F02E45BC}.Release|x64.Build.0 = Release|x64
		{9292C130-3916-4CDF-8661-54C6F02E45BC}.Release|x86.ActiveCfg = Release|Win32
		{9292C130-3916-4CDF-8661-54C6F02E45BC}.Release|x86.Build.0 = Release|Win32
		{1D49084F-55C6-4E7E-8912-7D38D6C4E89F}.Debug|x64.ActiveCfg = Debug|x64
		{1D49084F-55C6-4E7E-8912-7D38D6C4E89F}.Debug|x64.Build.0 = Debug|x64
		{1D49084F-55C6-4E7E-8912-7D38D6C4E89F}.Debug|x86.ActiveCfg = Debug|Win32
		{1D49084F-55C6-4E7E-8912-7D38D6C4E89F}.Debug|x86.Build.0 = Debug|Win32
		{1D49084F-55C6-4E7E-8912-7D38D6C4E89F}.Release|x64.ActiveCfg = Release|x64
		{1D49084F-55C6-4E7E-8912-7D38D6C4E89F}.Release|x64.Build.0 = Release|x64
		{1D49084F-55C6-4E7E-8912-7D38D6C4E89F}.Release|x86.ActiveCfg = Release|Win32
		{1D49084F-55C6-4E7E-8912-7D38D6C4E89F}.Release|x86.Build.0 = Release|Win32
		{90DB18B1-8342-4775-BBF6-D2249D01E8DE}.Debug|x64.ActiveCfg = Debug|x64
		{90DB18B1-8342-4775-BBF6-D2249D01E8DE}.Debug|x64.Build.0 = Debug|x64
		{90DB18B1-8342-4775-BBF6-D2249D01E8DE}.Debug|x86.ActiveCfg = Debug|Win32
		{90DB18B1-8342-4775-BBF6-D2249D01E8DE}.Debug|x86.Build.0 = Debug|Win32
		{90DB18B1-8342-4775-BBF6-D2249D01E8DE}.Release|x64.ActiveCfg = Release|x64
		{90DB18B1-8342-4775-BBF6-D2249D01E8DE}.Release|x64.Build.0 = Release|x64
		{90DB18B1-8342-4775-BBF6-D2249D01E8DE}.Release|x86.ActiveCfg = Release|Win32
		{90DB18B1-8342-4775-BBF6-D2249D01E8DE}.Release|x86.Build.0 = Release|Win32
		{53AFD790-EA4A-45CB-8D80-F2DB7315986F}.Debug|x64.ActiveCfg = Debug|x64
		{53AFD790-EA4A-45CB-8D80-F2DB7315986F}.Debug|x64.Build.0 = Debug|x64
		{53AFD790-EA4A-45CB-8D80-F2DB7315986F}.Debug|x86.ActiveCfg = Debug|Win32
		{53AFD790-EA4A-45CB-8D80-F2DB7315986F}.Debug|x86.Build.0 = Debug|Win32
		{53AFD790-EA4A-45CB-8D80-F2DB7315986F}.Release|x64.ActiveCfg = Release|x64
		{53AFD790-EA4A-45CB-8D80-F2DB7315986F}.Release|x64.Build.0 = Release|x64
		{53AFD790-EA4A-45CB-8D80-F2DB7315986F}.Release|x86.ActiveCfg = Release|Win32
		{53AFD790-EA4A-45CB-8D80-F2DB7315986F}.Release|x86.Build.0 = Release|Win32
		{D3C26EF1-2ABD-4A48-A90D-50C97A8489D4}.Debug|x64.ActiveCfg = Debug|x64
		{D3C26EF1-2ABD-4A48-A90D-50C97A8489D4}.Debug|x64.Build.0 = Debug|x64
		{D3C26EF1-2ABD-4A48-A90D-50C97A8489D4}.Debug|x86.ActiveCfg = Debug|Win32
		{D3C26EF1-2ABD-4A48-A90D-50C97A8489D4}.Debug|x86.Build.0 = Debug|Win32
		{D3C26EF1-2ABD-4A48-A90D-50C97A8489D4}.Release|x64.ActiveCfg = Release|x64
		{D3C26EF1-2ABD-4A48-A90D-50C97A8489D4}.Release|x64.Build.0 = Release|x64
		{D3C26EF1-2ABD-4A48-A90D-50C97A8489D4}.Release|x86.ActiveCfg = Release|Win32
		{D3C26EF1-2ABD-4A48-A90D-50C97A8489D4}.Release|x86.Build.0 = Release|Win32
		{AD6DFAFE-FE98-4ECD-89DB-09B1C35873D2}.Debug|x64.ActiveCfg = Debug|x64
		{AD6DFAFE-FE98-4ECD-89DB-09B1C35873D2}.Debug|x64.Build.0 = Debug|x64
		{AD6DFAFE-FE98-4ECD-89DB-09B1C35873D2}.Debug|x86.ActiveCfg = Debug|Win32
		{AD6DFAFE-FE98-4ECD-89DB-09B1C35873D2}.Debug|x86.Build.0 = Debug|Win32
		{AD6DFAFE-FE98-4ECD-89DB-09B1C35873D2}.Release|x64.ActiveCfg = Release|x64
		{AD6DFAFE-FE98-4ECD-89DB-09B1C35873D2}.Release|x64.Build.0 = Release|x64
		{AD6DFAFE-FE98-4ECD-89DB-09B1C35873D2}.Release|x86.ActiveCfg = Release|Win32
		{AD6DFAFE-FE98-4ECD-89DB-09B1C35873D2}.Release|x86.Build.0 = Release|Win32
		{1054B87F-2AD7-4A2B-ABF5-2FC1D5E4E548}.Debug|x64.ActiveCfg = Debug|x64
		{1054B87F-2AD7-4A2B-ABF5-2FC1D5E4E548}.Debug|x64.Build.0 = Debug|x64
		{1054B87F-2AD7-4A2B-ABF5-2FC1D5E4E548}.Debug|x86.ActiveCfg = Debug|Win32
		{1054B87F-2AD7-4A2B-ABF5-2FC1D5E4E548}.Debug|x86.Build.0 = Debug|Win32
		{1054B87F-2AD7-4A2B-ABF5-2FC1D5E4E548}.Release|x64.ActiveCfg = Release|x64
		{1054B87F-2AD7-4A2B-ABF5-2FC1D5E4E548}.Release|x64.Build.0 = Release|x64
		{1054B87F-2AD7-4A2B-ABF5-2FC1D5E4E548}.Release|x86.ActiveCfg = Release|Win32
		{1054B87F-2AD7-4A2B-ABF5-2FC1D5E4E548}.Release|x86.Build.0 = Release|Win32
		{41CE5F92-47D2-40A9-8763-603E3E85E917}.Debug|x64.ActiveCfg = Debug|x64
		{41CE5F92-47D2-40A9-8763-603E3E85E917}.Debug|x64.Build.0 = Debug|x64
		{41CE5F92-47D2-40A9-8763-603E3E85E917}.Debug|x86.ActiveCfg = Debug|Win32
		{41CE5F92-47D2-40A9-8763-603E3E85E917}.Debug|x86.Build.0 = Debug|Win32
		{41CE5F92-47D2-40A9-8763-603E3E85E917}.Release|x64.ActiveCfg = Release|x64
		{41CE5F92-47D2-40A9-8763-603E3E85E917}.Release|x64.Build.0 = Release|x64
		{41CE5F92-47D2-40A9-8763-603E3E85E917}.Release|x86.ActiveCfg = Release|Win32
		{41CE5F92-47D2-40A9-8763-603E3E85E917}.Release|x86.Build.0 = Release|Win32
		{8551E586-243E-49E7-9F96-CF4770961537}.Debug|x64.ActiveCfg = Debug|x64
		{8551E586-243E-49E7-9F96-CF4770961537}.Debug|x64.Build.0 = Debug|x64
		{8551E586-243E-49E7-9F96-CF4770961537}.Debug|x86.ActiveCfg = Debug|Win32
		{8551E586-243E-49E7-9F96-CF4770961537}.Debug|x86.Build.0 = Debug|Win32
		{8551E586-243E-49E7-9F96-CF4770961537}.Release|x64.ActiveCfg = Release|x64
		{8551E586-243E-49E7-9F96-CF4770961537}.Release|x64.Build.0 = Release|x64
		{8551E586-243E-49E7-9F96-CF4770961537}.Release|x86.ActiveCfg = Release|Win32
		{8551E586-243E-49E7-9F96-CF4770961537}.Release|x86.Build.0 = Release|Win32
		{999DF1DF-1E46-4A7B-90F3-A9829E7CF43D}.Debug|x64.ActiveCfg = Debug|x64
		{999DF1DF-1E46-4A7B-90F3-A9829E7CF43D}.Debug|x64.Build.0 = Debug|x64
		{999DF1DF-1E46-4A7B-90F3-A9829E7CF43D}.Debug|x86.ActiveCfg = Debug|Win32
		{999DF1DF-1E46-4A7B-90F3-A9829E7CF43D}.Debug|x86.Build.0 = Debug|Win32
		{999DF1DF-1E46-4A7B-90F3-A9829E7CF43D}.Release|x64.ActiveCfg = Release|x64
		{999DF1DF-1E46-4A7B-90F3-A9829E7CF43D}.Release|x64.Build.0 = Release|x64
		{999DF1DF-1E46-4A7B-90F3-A9829E7CF43D}.Release|x86.ActiveCfg = Release|Win32
		{999DF1DF-1E46-4A7B-90F3-A9829E7CF43D}.Release|x86.Build.0 = Release|Win32
		{22425C5C-BBEE-4059-87FA-E747EEDEAB9A}.Debug|x64.ActiveCfg = Debug|x64
		{22425C5C-BBEE-4059-87FA-E747EEDEAB9A}.Debug|x64.Build.0 = Debug|x64
		{22425C5C-BBEE-4059-87FA-E747EEDEAB9A}.Debug|x86.ActiveCfg = Debug|Win32
		{22425C5C-BBEE-4059-87FA-E747EEDEAB9A}.Debug|x86.Build.0 = Debug|Win32
		{22425C5C-BBEE-4059-87FA-E747EEDEAB9A}.Release|x64.ActiveCfg = Release|x64
		{22425C5C-BBEE-4059-87FA-E747EEDEAB9A}.Release|x64.Build.0 = Release|x64
		{22425C5C-BBEE-4059-87FA-E747EEDEAB9A}.Release|x86.ActiveCfg = Release|Win32
		{22425C5C-BBEE-4059-87FA-E747EEDEAB9A}.Release|x86.Build.0 = Release|Win32
		{E40FB30E-8733-48A1-8C7B-1DC26AD41543}.Debug|x64.ActiveCfg = Debug|x64
		{E40FB30E-8733-48A1-8C7B-1DC26AD41543}.Debug|x64.Build.0 = Debug|x64
		{E40FB30E-8733-48A1-8C7B-1DC26AD41543}.Debug|x86.ActiveCfg = Debug|Win32
		{E40FB30E-8733-48A1-8C7B-1DC26AD41543}.Debug|x86.Build.0 = Debug|Win32
		{E40FB30E-8733-48A1-8C7B-1DC26AD41543}.Release|x64.ActiveCfg = Release|x64
		{E40FB30E-8733-48A1-8C7B-1DC26AD41543}.Release|x64.Build.0 = Release|x64
		{E40FB30E-8733-48A1-8C7B-1DC26AD41543}.Release|x86.ActiveCfg = Release|Win32
		{E40FB30E-8733-48A1-8C7B-1DC26AD41543}.Release|x86.Build.0 = Release|Win32
		{FED265D9-35AC-47E7-B9CC-B7492F523841}.Debug|x64.ActiveCfg = Debug|x64
		{FED265D9-35AC-47E7-B9CC-B7492F523841}.Debug|x64.Build.0 = Debug|x64
		{FED265D9-35AC-47E7-B9CC-B7492F523841}.Debug|x86.ActiveCfg = Debug|Win32
		{FED265D9-35AC-47E7-B9CC-B7492F523841}.Debug|x86.Build.0 = Debug|Win32
		{FED265D9-35AC-47E7-B9CC-B7492F523841}.Release|x64.ActiveCfg = Release|x64
		{FED265D9-35AC-47E7-B9CC-B7492F523841}.Release|x64.Build.0 = Release|x64
		{FED265D9-35AC-47E7-B9CC-B7492F523841}.Release|x86.ActiveCfg = Release|Win32
		{FED265D9-35AC-47E7-B9CC-B7492F523841}.Release|x86.Build.0 = Release|Win32
		{9488DB3A-D281-46E8-A3E6-6A39DCDBAA14}.Debug|x64.ActiveCfg = Debug|x64
		{9488DB3A-D281-46E8-A3E6-6A39DCDBAA14}.Debug|x64.Build.0 = Debug|x64
		{9488DB3A-D281-46E8-A3E6-6A39DCDBAA14}.Debug|x86.ActiveCfg = Debug|Win32
		{9488DB3A-D281-46E8-A3E6-6A39DCDBAA14}.Debug|x86.Build.0 = Debug|Win32
		{9488DB3A-D281-46E8-A3E6-6A39DCDBAA14}.Release|x64.ActiveCfg = Release|x64
		{9488DB3A-D281-46E8-A3E6-6A39DCDBAA14}.Release|x64.Build.0 = Release|x64
		{9488DB3A-D281-46E8-A3E6-6A39DCDBAA14}.Release|x86.ActiveCfg = Release|Win32
		{9488DB3A-D281-46E8-A3E6-6A39DCDBAA14}.Release|x86.Build.0 = Release|Win32
		{CBE2A2DD-EB51-4F89-85EF-9F36579E7492}.Debug|x64.ActiveCfg = Debug|x64
		{CBE2A2DD-EB51-4F89-85EF-9F36579E7492}.Debug|x64.Build.0 = Debug|x64
		{CBE2A2DD-EB51-4F89-85EF-9F36579E7492}.Debug|x86.ActiveCfg = Debug|Win32
		{CBE2A2DD-EB51-4F89-85EF-9F36579E7492}.Debug|x86.Build.0 = Debug|Win32
		{CBE2A2DD-EB51-4F89-85EF-9F36579E7492}.Release|x64.ActiveCfg = Release|x64
		{CBE2A2DD-EB51-4F89-85EF-9F36579E7492}.Release|x64.Build.0 = Release|x64
		{CBE2A2DD-EB51-4F89-85EF-9F36579E7492}.Release|x86.ActiveCfg = Release|Win32
		{CBE2A2DD-EB51-4F89-85EF-9F36579E7492}.Release|x86.Build.0 = Release|Win32
		{4978DF0A-E687-46FF-91F0-14F4D3C13285}.Debug|x64.ActiveCfg = Debug|x64
		{4978DF0A-E687-46FF-91F0-14F4D3C13285}.Debug|x64.Build.0 = Debug|x64
		{4978DF0A-E687-46FF-91F0-14F4D3C13285}.Debug|x86.ActiveCfg = Debug|Win32
		{4978DF0A-E687-46FF-91F0-14F4D3C13285}.Debug|x86.Build.0 = Debug|Win32
		{4978DF0A-E687-46FF-91F0-14F4D3C13285}.Release|x64.ActiveCfg = Release|x64
		{4978DF0A-E687-46FF-91F0-14F4D3C13285}.Release|x64.Build.0 = Release|x64
		{4978DF0A-E687-46FF-91F0-14F4D3C13285}.Release|x86.ActiveCfg = Release|Win32
		{4978DF0A-E687-46FF-91F0-14F4D3C13285}.Release|x86.Build.0 = Release|Win32
		{F9151A61-3CA8-4D81-9169-4E2F034DB435}.Debug|x64.ActiveCfg = Debug|x64
		{F9151A61-3CA8-4D81-9169-4E2F034DB435}.Debug|x64.Build.0 = Debug|x64
		{F9151A61-3CA8-4D81-9169-4E2F034DB435}.Debug|x86.ActiveCfg = Debug|Win32
		{F9151A61-3CA8-4D81-9169-4E2F034DB435}.Debug|x86.Build.0 = Debug|Win32
		{F9151A61-3CA8-4D81-9169-4E2F034DB435}.Release|x64.ActiveCfg = Release|x64
		{F9151A61-3CA8-4D81-9169-4E2F034DB435}.Release|x64.Build.0 = Release|x64
		{F9151A61-3CA8-4D81-9169-4E2F034DB435}.Release|x86.ActiveCfg = Release|Win32
		{F9151A61-3CA8-4D81-9169-4E2F034DB435}.Release|x86.Build.0 = Release|Win32
		{0915B1F4-FBAB-4307-9D9C-85C59A542F76}.Debug|x64.ActiveCfg = Debug|x64
		{0915B1F4-FBAB-4307-9D9C-85C59A542F76}.Debug|x64.Build.0 = Debug|x64
		{0915B1F4-FBAB-4307-9D9C-85C59A542F76}.Debug|x86.ActiveCfg = Debug|Win32
		{0915B1F4-FBAB-4307-9D9C-85C59A542F76}.Debug|x86.Build.0 = Debug|Win32
		{0915B1F4-FBAB-4307-9D9C-85C59A542F76}.Release|x64.ActiveCfg = Release|x64
		{0915B1F4-FBAB-4307-9D9C-85C59A542F76}.Release|x64.Build.0 = Release|x64
		{0915B1F4-FBAB-4307-9D9C-85C59A542F76}.Release|x86.ActiveCfg = Release|Win32
		{0915B1F4-FBAB-4307-9D9C-85C59A542F76}.Release|x86.Build.0 = Release|Win32
		{6F2FBAF5-9635-4A80-8CEE-C5355D08CC24}.Debug|x64.ActiveCfg = Debug|x64
		{6F2FBAF5-9635-4A80-8CEE-C5355D08CC24}.Debug|x64.Build.0 = Debug|x64
		{6F2FBAF5-9635-4A80-8CEE-C5355D08CC24}.Debug|x86.ActiveCfg = Debug|Win32
		{6F2FBAF5-9635-4A80-8CEE-C5355D08CC24}.Debug|x86.Build.0 = Debug|Win32
		{6F2FBAF5-9635-4A80-8CEE-C5355D08CC24}.Release|x64.ActiveCfg = Release|x64
		{6F2FBAF5-9635-4A80-8CEE-C5355D08CC24}.Release|x64.Build.0 = Release|x64
		{6F2FBAF5-9635-4A80-8CEE-C5355D08CC24}.Release|x86.ActiveCfg = Release|Win32
		{6F2FBAF5-9635-4A80-8CEE-C5355D08CC24}.Release|x86.Build.0 = Release|Win32
		{428D8C38-82FD-4423-A4F3-98D6F56C67EC}.Debug|x64.ActiveCfg = Debug|x64
		{428D8C38-82FD-4423-A4F3-98D6F56C67EC}.Debug|x64.Build.0 = Debug|x64
		{428D8C38-82FD-4423-A4F3-98D6F56C67EC}.Debug|x86.ActiveCfg = Debug|Win32
		{428D8C38-82FD-4423-A4F3-98D6F56C67EC}.Debug|x86.Build.0 = Debug|Win32
		{428D8C38-82FD-4423-A4F3-98D6F56C67EC}.Release|x64.ActiveCfg = Release|x64
		{428D8C38-82FD-4423-A4F3-98D6F56C67EC}.Release|x64.Build.0 = Release|x64
		{428D8C38-82FD-4423-A4F3-98D6F56C67EC}.Release|x86.ActiveCfg = Release|Win32
		{428D8C38-82FD-4423-A4F3-98D6F56C67EC}.Release|x86.Build.0 = Release|Win32
		{321B4BEE-C778-44FA-A965-F7D8BBBE6733}.Debug|x64.ActiveCfg = Debug|x64
		{321B4BEE-C778-44FA-A965-F7D8BBBE6733}.Debug|x64.Build.0 = Debug|x64
		{321B4BEE-C778-44FA-A965-F7D8BBBE6733}.Debug|x86.ActiveCfg = Debug|Win32
		{321B4BEE-C778-44FA-A965-F7D8BBBE6733}.Debug|x86.Build.0 = Debug|Win32
		{321B4BEE-C778-44FA-A965-F7D8BBBE6733}.Release|x64.ActiveCfg = Release|x64
		{321B4BEE-C778-44FA-A965-F7D8BBBE6733}.Release|x64.Build.0 = Release|x64
		{321B4BEE-C778-44FA-A965-F7D8BBBE6733}.Release|x86.ActiveCfg = Release|Win32
		{321B4BEE-C778-44FA-A965-F7D8BBBE6733}.Release|x86.Build.0 = Release|Win32
		{A79AD6AE-D4E0-4B18-923D-71660F21022E}.Debug|x64.ActiveCfg = Debug|x64
		{A79AD6AE-D4E0-4B18-923D-71660F21022E}.Debug|x64.Build.0 = Debug|x64
		{A79AD6AE-D4E0-4B18-923D-71660F21022E}.Debug|x86.ActiveCfg = Debug|Win32
		{A79AD6AE-D4E0-4B18-923D-71660F21022E}.Debug|x86.Build.0 = Debug|Win32
		{A79AD6AE-D4E0-4B18-923D-71660F21022E}.Release|x64.ActiveCfg = Release|x64
		{A79AD6AE-D4E0-4B18-923D-71660F21022E}.Release|x64.Build.0 = Release|x64
		{A79AD6AE-D4E0-4B18-923D-71660F21022E}.Release|x86.ActiveCfg = Release|Win32
		{A79AD6AE-D4E0-4B18-923D-71660F21022E}.Release|x86.Build.0 = Release|Win32
		{53A06289-3869-4D8C-8EE5-CC0806AF629B}.Debug|x64.ActiveCfg = Debug|x64
		{53A06289-3869-4D8C-8EE5-CC0806AF629B}.Debug|x64.Build.0 = Debug|x64
		{53A06289-3869-4D8C-8EE5-CC0806AF629B}.Debug|x86.ActiveCfg = Debug|Win32
		{53A06289-3869-4D8C-8EE5-CC0806AF629B}.Debug|x86.Build.0 = Debug|Win32
		{53A06289-3869-4D8C-8EE5-CC0806AF629B}.Release|x64.ActiveCfg = Release|x64
		{53A06289-3869-4D8C-8EE5-CC0806AF629B}.Release|x64.Build.0 = Release|x64
		{53A06289-3869-4D8C-8EE5-CC0806AF629B}.Release|x86.ActiveCfg = Release|Win32
		{53A06289-3869-4D8C-8EE5-CC0806AF629B}.Release|x86.Build.0 = Release|Win32
		{0BA72381-661F-4754-ADED-A81EF140E325}.Debug|x64.ActiveCfg = Debug|x64
		{0BA72381-661F-4754-ADED-A81EF140E325}.Debug|x64.Build.0 = Debug|x64
		{0BA72381-661F-4754-ADED-A81EF140E325}.Debug|x86.ActiveCfg = Debug|Win32
		{0BA72381-661F-4754-ADED-A81EF140E325}.Debug|x86.Build.0 = Debug|Win32
		{0BA72381-661F-4754-ADED-A81EF140E325}.Release|x64.ActiveCfg = Release|x64
		{0BA72381-661F-4754-ADED-A81EF140E325}.Release|x64.Build.0 = Release|x64
		{0BA72381-661F-4754-ADED-A81EF140E325}.Release|x86.ActiveCfg = Release|Win32
		{0BA72381-661F-4754-ADED-A81EF140E325}.Release|x86.Build.0 = Release|Win32
		{4D88B3E2-5A9F-4D99-8D8E-202C61CF5363}.Debug|x64.ActiveCfg = Debug|x64
		{4D88B3E2-5A9F-4D99-8D8E-202C61CF5363}.Debug|x64.Build.0 = Debug|x64
		{4D88B3E2-5A9F-4D99-8D8E-202C61CF5363}.Debug|x86.ActiveCfg = Debug|Win32
		{4D88B3E2-5A9F-4D99-8D8E-202C61CF5363}.Debug|x86.Build.0 = Debug|Win32
		{4D88B3E2-5A9F-4D99-8D8E-202C61CF5363}.Release|x64.ActiveCfg = Release|x64
		{4D88B3E2-5A9F-4D99-8D8E-202C61CF5363}.Release|x64.Build.0 = Release|x64
		{4D88B3E2-5A9F-4D99-8D8E-202C61CF5363}.Release|x86.ActiveCfg = Release|Win32
		{4D88B3E2-5A9F-4D99-8D8E-202C61CF5363}.Release|x86.Build.0 = Release|Win32
		{E38E81EF-73BB-4335-8AD2-352BD7B11917}.Debug|x64.ActiveCfg = Debug|x64
		{E38E81EF-73BB-4335-8AD2-352BD7B11917}.Debug|x64.Build.0 = Debug|x64
		{E38E81EF-73BB-4335-8AD2-352BD7B11917}.Debug|x86.ActiveCfg = Debug|Win32
		{E38E81EF-73BB-4335-8AD2-352BD7B11917}.Debug|x86.Build.0 = Debug|Win32
		{E38E81EF-73BB-4335-8AD2-352BD7B11917}.Release|x64.ActiveCfg = Release|x64
		{E38E81EF-73BB-4335-8AD2-352BD7B11917}.Release|x64.Build.0 = Release|x64
		{E38E81EF-73BB-4335-8AD2-352BD7B11917}.Release|x86.ActiveCfg = Release|Win32
		{E38E81EF-73BB-4335-8AD2-352BD7B11917}.Release|x86.Build.0 = Release|Win32
		{3A969380-A072-4440-9071-6464A71DF2D6}.Debug|x64.ActiveCfg = Debug|x64
		{3A969380-A072-4440-9071-6464A71DF2D6}.Debug|x64.Build.0 = Debug|x64
		{3A969380-A072-4440-9071-6464A71DF2D6}.Debug|x86.ActiveCfg = Debug|Win32
		{3A969380-A072-4440-9071-6464A71DF2D6}.Debug|x86.Build.0 = Debug|Win32
		{3A969380-A072-4440-9071-6464A71DF2D6}.Release|x64.ActiveCfg = Release|x64
		{3A969380-A072-4440-9071-6464A71DF2D6}.Release|x64.Build.0 = Release|x64
		{3A969380-A072-4440-9071-6464A71DF2D6}.Release|x86.ActiveCfg = Release|Win32
		{3A969380-A072-4440-9071-6464A71DF2D6}.Release|x86.Build.0 = Release|Win32
		{3A432BA2-DFC7-49F1-8343-274715987FA1}.Debug|x64.ActiveCfg = Debug|x64
		{3A432BA2-DFC7-49F1-8343-274715987FA1}.Debug|x64.Build.0 = Debug|x64
		{3A432BA2-DFC7-49F1-8343-274715987FA1}.Debug|x86.ActiveCfg = Debug|Win32
		{3A432BA2-DFC7-49F1-8343-274715987FA1}.Debug|x86.Build.0 = Debug|Win32
		{3A432BA2-DFC7-49F1-8343-274715987FA1}.Release|x64.ActiveCfg = Release|x64
		{3A432BA2-DFC7-49F1-8343-274715987FA1}.Release|x64.Build.0 = Release|x64
		{3A432BA2-DFC7-49F1-8343-274715987FA1}.Release|x86.ActiveCfg = Release|Win32
		{3A432BA2-DFC7-49F1-8343-274715987FA1}.Release|x86.Build.0 = Release|Win32
		{DC24151A-9B31-4061-9E46-095DD4662102}.Debug|x64.ActiveCfg = Debug|x64
		{DC24151A-9B31-4061-9E46-095DD4662102}.Debug|x64.Build.0 = Debug|x64
		{DC24151A-9B31-4061-9E46-095DD4662102}.Debug|x86.ActiveCfg = Debug|Win32
		{DC24151A-9B31-4061-9E46-095DD4662102}.Debug|x86.Build.0 = Debug|Win32
		{DC24151A-9B31-4061-9E46-095DD4662102}.Release|x64.ActiveCfg = Release|x64
		{DC24151A-9B31-4061-9E46-095DD4662102}.Release|x64.Build.0 = Release|x64
		{DC24151A-9B31-4061-9E46-095DD4662102}.Release|x86.ActiveCfg = Release|Win32
		{DC24151A-9B31-4061-9E46-095DD4662102}.Release|x86.Build.0 = Release|Win32
		{7F3DCDCD-85A2-45B4-832B-5D10BA037493}.Debug|x64.ActiveCfg = Debug|x64
		{7F3DCDCD-85A2-45B4-832B-5D10BA037493}.Debug|x64.Build.0 = Debug|x64
		{7F3DCDCD-85A2-45B4-832B-5D10BA037493}.Debug|x86.ActiveCfg = Debug|Win32
		{7F3DCDCD-85A2-45B4-832B-5D10BA037493}.Debug|x86.Build.0 = Debug|Win32
		{7F3DCDCD-85A2-45B4-832B-5D10BA037493}.Release|x64.ActiveCfg = Release|x64
		{7F3DCDCD-85A2-45B4-832B-5D10BA037493}.Release|x64.Build.0 = Release|x64
		{7F3DCDCD-85A2-45B4-832B-5D10BA037493}.Release|x86.ActiveCfg = Release|Win32
		{7F3DCDCD-85A2-45B4-832B-5D10BA037493}.Release|x86.Build.0 = Release|Win32
		{0D413B13-92D2-4854-86EF-F582BC6B8AA5}.Debug|x64.ActiveCfg = Debug|x64
		{0D413B13-92D2-4854-86EF-F582BC6B8AA5}.Debug|x64.Build.0 = Debug|x64
		{0D413B13-92D2-4854-86EF-F582BC6B8AA5}.Debug|x86.ActiveCfg = Debug|Win32
		{0D413B13-92D2-4854-86EF-F582BC6B8AA5}.Debug|x86.Build.0 = Debug|Win32
		{0D413B13-92D2-4854-86EF-F582BC6B8AA5}.Release|x64.ActiveCfg = Release|x64
		{0D413B13-92D2-4854-86EF-F582BC6B8AA5}.Release|x64.Build.0 = Release|x64
		{0D413B13-92D2-4854-86EF-F582BC6B8AA5}.Release|x86.ActiveCfg = Release|Win32
		{0D413B13-92D2-4854-86EF-F582BC6B8AA5}.Release|x86.Build.0 = Release|Win32
		{C6F0408F-7C2C-4A3A-ADD4-F13126D211D0}.Debug|x64.ActiveCfg = Debug|x64
		{C6F0408F-7C2C-4A3A-ADD4-F13126D211D0}.Debug|x64.Build.0 = Debug|x64
		{C6F0408F-7C2C-4A3A-ADD4-F13126D211D0}.Debug|x86.ActiveCfg = Debug|Win32
		{C6F0408F-7C2C-4A3A-ADD4-F13126D211D0}.Debug|x86.Build.0 = Debug|Win32
		{C6F0408F-7C2C-4A3A-ADD4-F13126D211D0}.Release|x64.ActiveCfg = Release|x64
		{C6F0408F-7C2C-4A3A-ADD4-F13126D211D0}.Release|x64.Build.0 = Release|x64
		{C6F0408F-7C2C-4A3A-ADD4-F13126D211D0}.Release|x86.ActiveCfg = Release|Win32
		{C6F0408F-7C2C-4A3A-ADD4-F13126D211D0}.Release|x86.Build.0 = Release|Win32
		{C7958021-0A7E-4D29-8674-57EE01D22CEA}.Debug|x64.ActiveCfg = Debug|x64
		{C7958021-0A7E-4D29-8674-57EE01D22CEA}.Debug|x64.Build.0 = Debug|x64
		{C7958021-0A7E-4D29-8674-57EE01D22CEA}.Debug|x86.ActiveCfg = Debug|Win32
		{C7958021-0A7E-4D29-8674-57EE01D22CEA}.Debug|x86.Build.0 = Debug|Win32
		{C7958021-0A7E-4D29-8674-57EE01D22CEA}.Release|x64.ActiveCfg = Release|x64
		{C7958021-0A7E-4D29-8674-57EE01D22CEA}.Release|x64.Build.0 = Release|x64
		{C7958021-0A7E-4D29-8674-57EE01D22CEA}.Release|x86.ActiveCfg = Release|Win32
		{C7958021-0A7E-4D29-8674-57EE01D22CEA}.Release|x86.Build.0 = Release|Win32
		{E7B3C3BC-DD1D-48DF-869B-9471073FBAC7}.Debug|x64.ActiveCfg = Debug|x64
		{E7B3C3BC-DD1D-48DF-869B-9471073FBAC7}.Debug|x64.Build.0 = Debug|x64
		{E7B3C3BC-DD1D-48DF-869B-9471073FBAC7}.Debug|x86.ActiveCfg = Debug|Win32
		{E7B3C3BC-DD1D-48DF-869B-9471073FBAC7}.Debug|x86.Build.0 = Debug|Win32
		{E7B3C3BC-DD1D-48DF-869B-9471073FBAC7}.Release|x64.ActiveCfg = Release|x64
		{E7B3C3BC-DD1D-48DF-869B-9471073FBAC7}.Release|x64.Build.0 = Release|x64
		{E7B3C3BC-DD1D-48DF-869B-9471073FBAC7}.Release|x86.ActiveCfg = Release|Win32
		{E7B3C3BC-DD1D-48DF-869B-9471073FBAC7}.Release|x86.Build.0 = Release|Win32
		{AB48D279-A6F1-422C-90E8-4446B78F6D5D}.Debug|x64.ActiveCfg = Debug|x64
		{AB48D279-A6F1-422C-90E8-4446B78F6D5D}.Debug|x64.Build.0 = Debug|x64
		{AB48D279-A6F1-422C-90E8-4446B78F6D5D}.Debug|x86.ActiveCfg = Debug|Win32
		{AB48D279-A6F1-422C-90E8-4446B78F6D5D}.Debug|x86.Build.0 = Debug|Win32
		{AB48D279-A6F1-422C-90E8-4446B78F6D5D}.Release|x64.ActiveCfg = Release|x64
		{AB48D279-A6F1-422C-90E8-4446B78F6D5D}.Release|x64.Build.0 = Release|x64
		{AB48D279-A6F1-422C-90E8-4446B78F6D5D}.Release|x86.ActiveCfg = Release|Win32
		{AB48D279-A6F1-422C-90E8-4446B78F6D5D}.Release|x86.Build.0 = Release|Win32
		{798F36A1-4FEF-4847-B665-97343205952F}.Debug|x64.ActiveCfg = Debug|x64
		{798F36A1-4FEF-4847-B665-97343205952F}.Debug|x64.Build.0 = Debug|x64
		{798F36A1-4FEF-4847-B665-97343205952F}.Debug|x86.ActiveCfg = Debug|Win32
		{798F36A1-4FEF-4847-B665-97343205952F}.Debug|x86.Build.0 = Debug|Win32
		{798F36A1-4FEF-4847-B665-97343205952F}.Release|x64.ActiveCfg = Release|x64
		{798F36A1-4FEF-4847-B665-97343205952F}.Release|x64.Build.0 = Release|x64
		{798F36A1-4FEF-4847-B665-97343205952F}.Release|x86.ActiveCfg = Release|Win32
		{798F36A1-4FEF-4847-B665-97343205952F}.Release|x86.Build.0 = Release|Win32
		{A1E5E5CA-18CF-41B8-887F-9FF1F5A681D2}.Debug|x64.ActiveCfg = Debug|x64
		{A1E5E5CA-18CF-41B8-887F-9FF1F5A681D2}.Debug|x64.Build.0 = Debug|x64
		{A1E5E5CA-18CF-41B8-887F-9FF1F5A681D2}.Debug|x86.ActiveCfg = Debug|Win32
		{A1E5E5CA-18CF-41B8-887F-9FF1F5A681D2}.Debug|x86.Build.0 = Debug|Win32
		{A1E5E5CA-18CF-41B8-887F-9FF1F5A681D2}.Release|x64.ActiveCfg = Release|x64
		{A1E5E5CA-18CF-41B8-887F-9FF1F5A681D2}.Release|x64.Build.0 = Release|x64
		{A1E5E5CA-18CF-41B8-887F-9FF1F5A681D2}.Release|x86.ActiveCfg = Release|Win32
		{A1E5E5CA-18CF-41B8-887F-9FF1F5A681D2}.Release|x86.Build.0 = Release|Win32
		{B7F10E05-0925-4331-AD22-44E9F10C1A18}.Debug|x64.ActiveCfg = Debug|x64
		{B7F10E05-0925-4331-AD22-44E9F10C1A18}.Debug|x64.Build.0 = Debug|x64
		{B7F10E05-0925-4331-AD22-44E9F10C1A18}.Debug|x86.ActiveCfg = Debug|Win32
		{B7F10E05-0925-4331-AD22-44E9F10C1A18}.Debug|x86.Build.0 = Debug|Win32
		{B7F10E05-0925-4331-AD22-44E9F10C1A18}.Release|x64.ActiveCfg = Release|x64
		{B7F10E05-0925-4331-AD22-44E9F10C1A18}.Release|x64.Build.0 = Release|x64
		{B7F10E05-0925-4331-AD22-44E9F10C1A18}.Release|x86.ActiveCfg = Release|Win32
		{B7F10E05-0925-4331-AD22-44E9F10C1A18}.Release|x86.Build.0 = Release|Win32
		{7D8C4BA4-ADCA-42DC-B7BE-4E9FD6EF8600}.Debug|x64.ActiveCfg = Debug|x64
		{7D8C4BA4-ADCA-42DC-B7BE-4E9FD6EF8600}.Debug|x64.Build.0 = Debug|x64
		{7D8C4BA4-ADCA-42DC-B7BE-4E9FD6EF8600}.Debug|x86.ActiveCfg = Debug|Win32
		{7D8C4BA4-ADCA-42DC-B7BE-4E9FD6EF8600}.Debug|x86.Build.0 = Debug|Win32
		{7D8C4BA4-ADCA-42DC-B7BE-4E9FD6EF8600}.Release|x64.ActiveCfg = Release|x64
		{7D8C4BA4-ADCA-42DC-B7BE-4E9FD6EF8600}.Release|x64.Build.0 = Release|x64
		{7D8C4BA4-ADCA-42DC-B7BE-4E9FD6EF8600}.Release|x86.ActiveCfg = Release|Win32
		{7D8C4BA4-ADCA-42DC-B7BE-4E9FD6EF8600}.Release|x86.Build.0 = Release|Win32
		{8301BA60-B7B8-4F4E-BAC8-8D4F6E600D6B}.Debug|x64.ActiveCfg = Debug|x64
		{8301BA60-B7B8-4F4E-BAC8-8D4F6E600D6B}.Debug|x64.Build.0 = Debug|x64
		{8301BA60-B7B8-4F4E-BAC8-8D4F6E600D6B}.Debug|x86.ActiveCfg = Debug|Win32
		{8301BA60-B7B8-4F4E-BAC8-8D4F6E600D6B}.Debug|x86.Build.0 = Debug|Win32
		{8301BA60-B7B8-4F4E-BAC8-8D4F6E600D6B}.Release|x64.ActiveCfg = Release|x64
		{8301BA60-B7B8-4F4E-BAC8-8D4F6E600D6B}.Release|x64.Build.0 = Release|x64
		{8301BA60-B7B8-4F4E-BAC8-8D4F6E600D6B}.Release|x86.ActiveCfg = Release|Win32
		{8301BA60-B7B8-4F4E-BAC8-8D4F6E600D6B}.Release|x86.Build.0 = Release|Win32
		{1079848D-3522-4066-8D39-8F73D2F8AF7F}.Debug|x64.ActiveCfg = Debug|x64
		{1079848D-3522-4066-8D39-8F73D2F8AF7F}.Debug|x64.Build.0 = Debug|x64
		{1079848D-3522-4066-8D39-8F73D2F8AF7F}.Debug|x86.ActiveCfg = Debug|Win32
		{1079848D-3522-4066-8D39-8F73D2F8AF7F}.Debug|x86.Build.0 = Debug|Win32
		{1079848D-3522-4066-8D39-8F73D2F8AF7F}.Release|x64.ActiveCfg = Release|x64
		{1079848D-3522-4066-8D39-8F73D2F8AF7F}.Release|x64.Build.0 = Release|x64
		{1079848D-3522-4066-8D39-8F73D2F8AF7F}.Release|x86.ActiveCfg = Release|Win32
		{1079848D-3522-4066-8D39-8F73D2F8AF7F}.Release|x86.Build.0 = Release|Win32
		{95C5D0B2-8737-4F1A-87AF-B66DA90817EE}.Debug|x64.ActiveCfg = Debug|x64
		{95C5D0B2-8737-4F1A-87AF-B66DA90817EE}.Debug|x64.Build.0 = Debug|x64
		{95C5D0B2-8737-4F1A-87AF-B66DA90817EE}.Debug|x86.ActiveCfg = Debug|Win32
		{95C5D0B2-8737-4F1A-87AF-B66DA90817EE}.Debug|x86.Build.0 = Debug|Win32
		{95C5D0B2-8737-4F1A-87AF-B66DA90817EE}.Release|x64.ActiveCfg = Release|x64
		{95C5D0B2-8737-4F1A-87AF-B66DA90817EE}.Release|x64.Build.0 = Release|x64
		{95C5D0B2-8737-4F1A-87AF-B66DA90817EE}.Release|x86.ActiveCfg = Release|Win32
		{95C5D0B2-8737-4F1A-87AF-B66DA90817EE}.Release|x86.Build.0 = Release|Win32
		{3D1E4C93-160C-4786-8844-36A411818B37}.Debug|x64.ActiveCfg = Debug|x64
		{3D1E4C93-160C-4786-8844-36A411818B37}.Debug|x64.Build.0 = Debug|x64
		{3D1E4C93-160C-4786-8844-36A411818B37}.Debug|x86.ActiveCfg = Debug|Win32
		{3D1E4C93-160C-4786-8844-36A411818B37}.Debug|x86.Build.0 = Debug|Win32
		{3D1E4C93-160C-4786-8844-36A411818B37}.Release|x64.ActiveCfg = Release|x64
		{3D1E4C93-160C-4786-8844-36A411818B37}.Release|x64.Build.0 = Release|x64
		{3D1E4C93-160C-4786-8844-36A411818B37}.Release|x86.ActiveCfg = Release|Win32
		{3D1E4C93-160C-4786-8844-36A411818B37}.Release|x86.Build.0 = Release|Win32
		{E7BA254B-CFA8-4E31-AB6F-7A033E57B748}.Debug|x64.ActiveCfg = Debug|x64
		{E7BA254B-CFA8-4E31-AB6F-7A033E57B748}.Debug|x64.Build.0 = Debug|x64
		{E7BA254B-CFA8-4E31-AB6F-7A033E57B748}.Debug|x86.ActiveCfg = Debug|Win32
		{E7BA254B-CFA8-4E31-AB6F-7A033E57B748}.Debug|x86.Build.0 = Debug|Win32
		{E7BA254B-CFA8-4E31-AB6F-7A033E57B748}.Release|x64.ActiveCfg = Release|x64
		{E7BA254B-CFA8-4E31-AB6F-7A033E57B748}.Release|x64.Build.0 = Release|x64
		{E7BA254B-CFA8-4E31-AB6F-7A033E57B748}.Release|x86.ActiveCfg = Release|Win32
		{E7BA254B-CFA8-4E31-AB6F-7A033E57B748}.Release|x86.Build.0 = Release|Win32
		{01A4DEAD-F1E3-4AD9-8CD4-F5D43CE61D7D}.Debug|x64.ActiveCfg = Debug|x64
		{01A4DEAD-F1E3-4AD9-8CD4-F5D43CE61D7D}.Debug|x64.Build.0 = Debug|x64
		{01A4DEAD-F1E3-4AD9-8CD4-F5D43CE61D7D}.Debug|x86.ActiveCfg = Debug|Win32
		{01A4DEAD-F1E3-4AD9-8CD4-F5D43CE61D7D}.Debug|x86.Build.0 = Debug|Win32
		{01A4DEAD-F1E3-4AD9-8CD4-F5D43CE61D7D}.Release|x64.ActiveCfg = Release|x64
		{01A4DEAD-F1E3-4AD9-8CD4-F5D43CE61D7D}.Release|x64.Build.0 = Release|x64
		{01A4DEAD-F1E3-4AD9-8CD4-F5D43CE61D7D}.Release|x86.ActiveCfg = Release|Win32
		{01A4DEAD-F1E3-4AD9-8CD4-F5D43CE61D7D}.Release|x86.Build.0 = Release|Win32
		{353121D5-8C60-4FAC-B8CA-A13B1752DA19}.Debug|x64.ActiveCfg = Debug|x64
		{353121D5-8C60-4FAC-B8CA-A13B1752DA19}.Debug|x64.Build.0 = Debug|x64
		{353121D5-8C60-4FAC-B8CA-A13B1752DA19}.Debug|x86.ActiveCfg = Debug|Win32
		{353121D5-8C60-4FAC-B8CA-A13B1752DA19}.Debug|x86.Build.0 = Debug|Win32
		{353121D5-8C60-4FAC-B8CA-A13B1752DA19}.Release|x64.ActiveCfg = Release|x64
		{353121D5-8C60-4FAC-B8CA-A13B1752DA19}.Release|x64.Build.0 = Release|x64
		{353121D5-8C60-4FAC-B8CA-A13B1752DA19}.Release|x86.ActiveCfg = Release|Win32
		{353121D5-8C60-4FAC-B8CA-A13B1752DA19}.Release|x86.Build.0 = Release|Win32
		{D5630AF0-A096-418B-8923-E8AA60A85153}.Debug|x64.ActiveCfg = Debug|x64
		{D5630AF0-A096-418B-8923-E8AA60A85153}.Debug|x64.Build.0 = Debug|x64
		{D5630AF0-A096-418B-8923-E8AA60A85153}.Debug|x86.ActiveCfg = Debug|Win32
		{D5630AF0-A096-418B-8923-E8AA60A85153}.Debug|x86.Build.0 = Debug|Win32
		{D5630AF0-A096-418B-8923-E8AA60A85153}.Release|x64.ActiveCfg = Release|x64
		{D5630AF0-A096-418B-8923-E8AA60A85153}.Release|x64.Build.0 = Release|x64
		{D5630AF0-A096-418B-8923-E8AA60A85153}.Release|x86.ActiveCfg = Release|Win32
		{D5630AF0-A096-418B-8923-E8AA60A85153}.Release|x86.Build.0 = Release|Win32
		{362E88E6-9C5E-4F1C-9E61-A9FE49029732}.Debug|x64.ActiveCfg = Debug|x64
		{362E88E6-9C5E-4F1C-9E61-A9FE49029732}.Debug|x64.Build.0 = Debug|x64
		{362E88E6-9C5E-4F1C-9E61-A9FE49029732}.Debug|x86.ActiveCfg = Debug|Win32
		{362E88E6-9C5E-4F1C-9E61-A9FE49029732}.Debug|x86.Build.0 = Debug|Win32
		{362E88E6-9C5E-4F1C-9E61-A9FE49029732}.Release|x64.ActiveCfg = Release|x64
		{362E88E6-9C5E-4F1C-9E61-A9FE49029732}.Release|x64.Build.0 = Release|x64
		{362E88E6-9C5E-4F1C-9E61-A9FE49029732}.Release|x86.ActiveCfg = Release|Win32
		{362E88E6-9C5E-4F1C-9E61-A9FE49029732}.Release|x86.Build.0 = Release|Win32
		{13B01569-0317-4925-8FBF-949EDA88E3F6}.Debug|x64.ActiveCfg = Debug|x64
		{13B01569-0317-4925-8FBF-949EDA88E3F6}.Debug|x64.Build.0 = Debug|x64
		{13B01569-0317-4925-8FBF-949EDA88E3F6}.Debug|x86.ActiveCfg = Debug|Win32
		{13B01569-0317-4925-8FBF-949EDA88E3F6}.Debug|x86.Build.0 = Debug|Win32
		{13B01569-0317-4925-8FBF-949EDA88E3F6}.Release|x64.ActiveCfg = Release|x64
		{13B01569-0317-4925-8FBF-949EDA88E3F6}.Release|x64.Build.0 = Release|x64
		{13B01569-0317-4925-8FBF-949EDA88E3F6}.Release|x86.ActiveCfg = Release|Win32
		{13B01569-0317-4925-8FBF-949EDA88E3F6}.Release|x86.Build.0 = Release|Win32
	EndGlobalSection
	GlobalSection(SolutionProperties) = preSolution
		HideSolutionNode = FALSE
	EndGlobalSection
	GlobalSection(NestedProjects) = preSolution
		{6D1053F7-F958-413F-8879-BD854CC4D28D} = {9D3A290F-2BAC-4809-ABE7-91C50E047E0B}
		{5E91EDA7-62D1-4287-840D-65E5B39C2368} = {9D3A290F-2BAC-4809-ABE7-91C50E047E0B}
		{9292C130-3916-4CDF-8661-54C6F02E45BC} = {26629BB7-959D-48E4-ABA5-0B12144E6FD2}
		{1D49084F-55C6-4E7E-8912-7D38D6C4E89F} = {26629BB7-959D-48E4-ABA5-0B12144E6FD2}
		{90DB18B1-8342-4775-BBF6-D2249D01E8DE} = {26629BB7-959D-48E4-ABA5-0B12144E6FD2}
		{53AFD790-EA4A-45CB-8D80-F2DB7315986F} = {26629BB7-959D-48E4-ABA5-0B12144E6FD2}
		{D3C26EF1-2ABD-4A48-A90D-50C97A8489D4} = {26629BB7-959D-48E4-ABA5-0B12144E6FD2}
		{AD6DFAFE-FE98-4ECD-89DB-09B1C35873D2} = {7390B200-DB6A-4C60-B3FC-D540739A4894}
		{1054B87F-2AD7-4A2B-ABF5-2FC1D5E4E548} = {7390B200-DB6A-4C60-B3FC-D540739A4894}
		{41CE5F92-47D2-40A9-8763-603E3E85E917} = {7390B200-DB6A-4C60-B3FC-D540739A4894}
		{8551E586-243E-49E7-9F96-CF4770961537} = {7390B200-DB6A-4C60-B3FC-D540739A4894}
		{999DF1DF-1E46-4A7B-90F3-A9829E7CF43D} = {7390B200-DB6A-4C60-B3FC-D540739A4894}
		{22425C5C-BBEE-4059-87FA-E747EEDEAB9A} = {A1DFCFFA-6B0B-4859-89F6-56485536EAAC}
		{E40FB30E-8733-48A1-8C7B-1DC26AD41543} = {A1DFCFFA-6B0B-4859-89F6-56485536EAAC}
		{FED265D9-35AC-47E7-B9CC-B7492F523841} = {A1DFCFFA-6B0B-4859-89F6-56485536EAAC}
		{9488DB3A-D281-46E8-A3E6-6A39DCDBAA14} = {A1DFCFFA-6B0B-4859-89F6-56485536EAAC}
		{CBE2A2DD-EB51-4F89-85EF-9F36579E7492} = {A1DFCFFA-6B0B-4859-89F6-56485536EAAC}
		{4978DF0A-E687-46FF-91F0-14F4D3C13285} = {137855CB-E84E-4FA8-81D6-D2AE9957990D}
		{F9151A61-3CA8-4D81-9169-4E2F034DB435} = {137855CB-E84E-4FA8-81D6-D2AE9957990D}
		{0915B1F4-FBAB-4307-9D9C-85C59A542F76} = {137855CB-E84E-4FA8-81D6-D2AE9957990D}
		{6F2FBAF5-9635-4A80-8CEE-C5355D08CC24} = {137855CB-E84E-4FA8-81D6-D2AE9957990D}
		{428D8C38-82FD-4423-A4F3-98D6F56C67EC} = {137855CB-E84E-4FA8-81D6-D2AE9957990D}
		{321B4BEE-C778-44FA-A965-F7D8BBBE6733} = {B00ED9FD-004D-4B3A-931C-8A1958C21C78}
		{A79AD6AE-D4E0-4B18-923D-71660F21022E} = {B00ED9FD-004D-4B3A-931C-8A1958C21C78}
		{53A06289-3869-4D8C-8EE5-CC0806AF629B} = {B00ED9FD-004D-4B3A-931C-8A1958C21C78}
		{0BA72381-661F-4754-ADED-A81EF140E325} = {B00ED9FD-004D-4B3A-931C-8A1958C21C78}
		{4D88B3E2-5A9F-4D99-8D8E-202C61CF5363} = {B00ED9FD-004D-4B3A-931C-8A1958C21C78}
		{E38E81EF-73BB-4335-8AD2-352BD7B11917} = {A63E43DB-5359-4518-AC55-D93381239057}
		{3A969380-A072-4440-9071-6464A71DF2D6} = {A63E43DB-5359-4518-AC55-D93381239057}
		{3A432BA2-DFC7-49F1-8343-274715987FA1} = {A63E43DB-5359-4518-AC55-D93381239057}
		{DC24151A-9B31-4061-9E46-095DD4662102} = {A63E43DB-5359-4518-AC55-D93381239057}
		{7F3DCDCD-85A2-45B4-832B-5D10BA037493} = {A63E43DB-5359-4518-AC55-D93381239057}
		{0D413B13-92D2-4854-86EF-F582BC6B8AA5} = {3126621C-25A2-481D-BA4A-537A49F00664}
		{C6F0408F-7C2C-4A3A-ADD4-F13126D211D0} = {3126621C-25A2-481D-BA4A-537A49F00664}
		{C7958021-0A7E-4D29-8674-57EE01D22CEA} = {3126621C-25A2-481D-BA4A-537A49F00664}
		{E7B3C3BC-DD1D-48DF-869B-9471073FBAC7} = {3126621C-25A2-481D-BA4A-537A49F00664}
		{AB48D279-A6F1-422C-90E8-4446B78F6D5D} = {3126621C-25A2-481D-BA4A-537A49F00664}
		{798F36A1-4FEF-4847-B665-97343205952F} = {9C581F63-5AEB-44AB-9F8F-DD169C6572FB}
		{A1E5E5CA-18CF-41B8-887F-9FF1F5A681D2} = {9C581F63-5AEB-44AB-9F8F-DD169C6572FB}
		{B7F10E05-0925-4331-AD22-44E9F10C1A18} = {9C581F63-5AEB-44AB-9F8F-DD169C6572FB}
		{7D8C4BA4-ADCA-42DC-B7BE-4E9FD6EF8600} = {9C581F63-5AEB-44AB-9F8F-DD169C6572FB}
		{8301BA60-B7B8-4F4E-BAC8-8D4F6E600D6B} = {9C581F63-5AEB-44AB-9F8F-DD169C6572FB}
		{1079848D-3522-4066-8D39-8F73D2F8AF7F} = {7D49EB39-3A49-47C9-9B9B-CA55F6DA7465}
		{95C5D0B2-8737-4F1A-87AF-B66DA90817EE} = {7D49EB39-3A49-47C9-9B9B-CA55F6DA7465}
		{3D1E4C93-160C-4786-8844-36A411818B37} = {7D49EB39-3A49-47C9-9B9B-CA55F6DA7465}
		{E7BA254B-CFA8-4E31-AB6F-7A033E57B748} = {7D49EB39-3A49-47C9-9B9B-CA55F6DA7465}
		{01A4DEAD-F1E3-4AD9-8CD4-F5D43CE61D7D} = {7D49EB39-3A49-47C9-9B9B-CA55F6DA7465}
		{353121D5-8C60-4FAC-B8CA-A13B1752DA19} = {7D49EB39-3A49-47C9-9B9B-CA55F6DA7465}
		{D5630AF0-A096-418B-8923-E8AA60A85153} = {C6E9782F-9B7C-42FD-B914-CD962117473A}
		{362E88E6-9C5E-4F1C-9E61-A9FE49029732} = {C6E9782F-9B7C-42FD-B914-CD962117473A}
		{13B01569-0317-4925-8FBF-949EDA88E3F6} = {C6E9782F-9B7C-42FD-B914-CD962117473A}
	EndGlobalSection
	GlobalSection(ExtensibilityGlobals) = postSolution
		SolutionGuid = {91F432B4-A7F1-47B9-8DEF-BA39604D21F7}
	EndGlobalSection
EndGlobal
